
Microsoft Visual Studio Solution File, Format Version 12.00
Project("{FAE04EC0-301F-11D3-BF4B-00C04F79EFBC}") = "Leap", "leap\Leap.csproj", "{2E91ACE2-7E65-4743-8351-2628B7FD55E8}"
EndProject
Project("{FAE04EC0-301F-11D3-BF4B-00C04F79EFBC}") = "Darts", "darts\Darts.csproj", "{0FED4CE2-C1BE-4405-9245-95220A64EEFB}"
EndProject
Project("{FAE04EC0-301F-11D3-BF4B-00C04F79EFBC}") = "Triangle", "triangle\Triangle.csproj", "{5B43BAAC-8F8D-4CE0-A027-9D8316369B2C}"
EndProject
Project("{FAE04EC0-301F-11D3-BF4B-00C04F79EFBC}") = "DifferenceOfSquares", "difference-of-squares\DifferenceOfSquares.csproj", "{29512AB8-F9DF-4980-8AFA-DA77E5E355BF}"
EndProject
Project("{FAE04EC0-301F-11D3-BF4B-00C04F79EFBC}") = "Bob", "bob\Bob.csproj", "{AFB9CB9D-5C25-483A-802D-F1CFD57785BB}"
EndProject
Project("{FAE04EC0-301F-11D3-BF4B-00C04F79EFBC}") = "RomanNumerals", "roman-numerals\RomanNumerals.csproj", "{C8C8738C-3C3E-4EE4-B9C9-E650D454FDAA}"
EndProject
Project("{FAE04EC0-301F-11D3-BF4B-00C04F79EFBC}") = "PythagoreanTriplet", "pythagorean-triplet\PythagoreanTriplet.csproj", "{D0376F19-B074-412F-8088-CCCD86E910CD}"
EndProject
Project("{FAE04EC0-301F-11D3-BF4B-00C04F79EFBC}") = "AnnalynsInfiltration", "annalyns-infiltration\AnnalynsInfiltration.csproj", "{2475E59C-0B4B-4735-9309-4DE87923164C}"
EndProject
Project("{FAE04EC0-301F-11D3-BF4B-00C04F79EFBC}") = "CarsAssemble", "cars-assemble\CarsAssemble.csproj", "{DF3EBD9F-6C64-4172-AC65-146C8C4F8DD0}"
EndProject
Project("{FAE04EC0-301F-11D3-BF4B-00C04F79EFBC}") = "Dominoes", "dominoes\Dominoes.csproj", "{8D694C9E-EEF7-438B-BB55-BF0386FA3837}"
EndProject
Project("{FAE04EC0-301F-11D3-BF4B-00C04F79EFBC}") = "ElonsToys", "elons-toys\ElonsToys.csproj", "{6979BA5F-A0CB-4EC8-A9CE-9B5803F2C5E6}"
EndProject
Project("{FAE04EC0-301F-11D3-BF4B-00C04F79EFBC}") = "InterestIsInteresting", "interest-is-interesting\InterestIsInteresting.csproj", "{64AC9056-EDF5-45E3-BBD1-3338F73DFC7F}"
EndProject
Project("{FAE04EC0-301F-11D3-BF4B-00C04F79EFBC}") = "LogAnalysis", "log-analysis\LogAnalysis.csproj", "{751819FD-9AB5-446D-A0C3-D6EE18CA3F64}"
EndProject
Project("{FAE04EC0-301F-11D3-BF4B-00C04F79EFBC}") = "LogLevels", "log-levels\LogLevels.csproj", "{AEB5B7E1-3186-43F5-BCD3-80128D7384AD}"
EndProject
Project("{FAE04EC0-301F-11D3-BF4B-00C04F79EFBC}") = "PhoneNumberAnalysis", "phone-number-analysis\PhoneNumberAnalysis.csproj", "{FFB6F058-F71D-4FEF-8433-3C0923C8A747}"
EndProject
Project("{FAE04EC0-301F-11D3-BF4B-00C04F79EFBC}") = "RollTheDie", "roll-the-die\RollTheDie.csproj", "{D7471E44-E3AF-4B2A-99D7-464F17343BA8}"
EndProject
Project("{FAE04EC0-301F-11D3-BF4B-00C04F79EFBC}") = "TimFromMarketing", "tim-from-marketing\TimFromMarketing.csproj", "{A4334AD6-1C38-4768-A49C-1FD9FE7EACD1}"
EndProject
Project("{FAE04EC0-301F-11D3-BF4B-00C04F79EFBC}") = "SaddlePoints", "saddle-points\SaddlePoints.csproj", "{C216FFCC-06B1-4A7A-B63E-08B3DDBC1567}"
EndProject
Project("{FAE04EC0-301F-11D3-BF4B-00C04F79EFBC}") = "DiffieHellman", "diffie-hellman\DiffieHellman.csproj", "{A4577FCD-CD79-4652-B27E-1A2AAD3B5569}"
EndProject
Project("{FAE04EC0-301F-11D3-BF4B-00C04F79EFBC}") = "BirdWatcher", "bird-watcher\BirdWatcher.csproj", "{D40315F4-FCAE-468E-BE0A-24EB24B80D60}"
EndProject
Project("{FAE04EC0-301F-11D3-BF4B-00C04F79EFBC}") = "NeedForSpeed", "need-for-speed\NeedForSpeed.csproj", "{57795D73-6A9E-4BA7-8A15-16529C03701C}"
EndProject
Project("{FAE04EC0-301F-11D3-BF4B-00C04F79EFBC}") = "BookingUpForBeauty", "booking-up-for-beauty\BookingUpForBeauty.csproj", "{E77882FB-073E-4515-AF57-016C69940329}"
EndProject
Project("{FAE04EC0-301F-11D3-BF4B-00C04F79EFBC}") = "ReverseString", "reverse-string\ReverseString.csproj", "{F39544F0-2FCE-465D-A009-E02C676E1EA7}"
EndProject
Project("{FAE04EC0-301F-11D3-BF4B-00C04F79EFBC}") = "Anagram", "anagram\Anagram.csproj", "{9206CF20-6F49-4B81-B57A-590DD0ABBDE4}"
EndProject
Project("{FAE04EC0-301F-11D3-BF4B-00C04F79EFBC}") = "RunLengthEncoding", "run-length-encoding\RunLengthEncoding.csproj", "{7DBB145A-1F28-4082-A446-F5C5A0DB0544}"
EndProject
Project("{FAE04EC0-301F-11D3-BF4B-00C04F79EFBC}") = "SpiralMatrix", "spiral-matrix\SpiralMatrix.csproj", "{CE1A48AA-35DA-4C17-B63E-EB606E9D319F}"
EndProject
Project("{FAE04EC0-301F-11D3-BF4B-00C04F79EFBC}") = "SumOfMultiples", "sum-of-multiples\SumOfMultiples.csproj", "{1B8AF445-0B18-49F1-AAA9-BFDFD89447C6}"
EndProject
Project("{FAE04EC0-301F-11D3-BF4B-00C04F79EFBC}") = "SpaceAge", "space-age\SpaceAge.csproj", "{44EBCC6E-1A77-4032-B387-640B9E047BDE}"
EndProject
Project("{FAE04EC0-301F-11D3-BF4B-00C04F79EFBC}") = "ProteinTranslation", "protein-translation\ProteinTranslation.csproj", "{10907966-D6C3-4EA7-B47E-90F5C9D37F14}"
EndProject
Project("{FAE04EC0-301F-11D3-BF4B-00C04F79EFBC}") = "Gigasecond", "gigasecond\Gigasecond.csproj", "{5E913622-55CE-45E1-B6D5-F2AF0817D7EB}"
EndProject
Project("{FAE04EC0-301F-11D3-BF4B-00C04F79EFBC}") = "ResistorColor", "resistor-color\ResistorColor.csproj", "{248D16E9-75B4-465F-A0D1-5A3969FE3B06}"
EndProject
Project("{FAE04EC0-301F-11D3-BF4B-00C04F79EFBC}") = "ResistorColorDuo", "resistor-color-duo\ResistorColorDuo.csproj", "{23808E27-BB52-4BEE-9B71-22C5C4BD19D6}"
EndProject
Project("{FAE04EC0-301F-11D3-BF4B-00C04F79EFBC}") = "Proverb", "proverb\Proverb.csproj", "{A9A0A4CC-371E-49E5-96D4-79672617D278}"
EndProject
Project("{FAE04EC0-301F-11D3-BF4B-00C04F79EFBC}") = "BinarySearch", "binary-search\BinarySearch.csproj", "{1AF30D05-63E8-4E28-AF0C-DE4C7B724EA1}"
EndProject
Project("{FAE04EC0-301F-11D3-BF4B-00C04F79EFBC}") = "BookStore", "book-store\BookStore.csproj", "{D1C23C3B-71C8-45D2-8353-1A16FEE061B7}"
EndProject
Global
	GlobalSection(SolutionConfigurationPlatforms) = preSolution
		Debug|Any CPU = Debug|Any CPU
		Release|Any CPU = Release|Any CPU
	EndGlobalSection
	GlobalSection(ProjectConfigurationPlatforms) = postSolution
		{2E91ACE2-7E65-4743-8351-2628B7FD55E8}.Debug|Any CPU.ActiveCfg = Debug|Any CPU
		{2E91ACE2-7E65-4743-8351-2628B7FD55E8}.Debug|Any CPU.Build.0 = Debug|Any CPU
		{2E91ACE2-7E65-4743-8351-2628B7FD55E8}.Release|Any CPU.ActiveCfg = Release|Any CPU
		{2E91ACE2-7E65-4743-8351-2628B7FD55E8}.Release|Any CPU.Build.0 = Release|Any CPU
		{0FED4CE2-C1BE-4405-9245-95220A64EEFB}.Debug|Any CPU.ActiveCfg = Debug|Any CPU
		{0FED4CE2-C1BE-4405-9245-95220A64EEFB}.Debug|Any CPU.Build.0 = Debug|Any CPU
		{0FED4CE2-C1BE-4405-9245-95220A64EEFB}.Release|Any CPU.ActiveCfg = Release|Any CPU
		{0FED4CE2-C1BE-4405-9245-95220A64EEFB}.Release|Any CPU.Build.0 = Release|Any CPU
		{5B43BAAC-8F8D-4CE0-A027-9D8316369B2C}.Debug|Any CPU.ActiveCfg = Debug|Any CPU
		{5B43BAAC-8F8D-4CE0-A027-9D8316369B2C}.Debug|Any CPU.Build.0 = Debug|Any CPU
		{5B43BAAC-8F8D-4CE0-A027-9D8316369B2C}.Release|Any CPU.ActiveCfg = Release|Any CPU
		{5B43BAAC-8F8D-4CE0-A027-9D8316369B2C}.Release|Any CPU.Build.0 = Release|Any CPU
		{29512AB8-F9DF-4980-8AFA-DA77E5E355BF}.Debug|Any CPU.ActiveCfg = Debug|Any CPU
		{29512AB8-F9DF-4980-8AFA-DA77E5E355BF}.Debug|Any CPU.Build.0 = Debug|Any CPU
		{29512AB8-F9DF-4980-8AFA-DA77E5E355BF}.Release|Any CPU.ActiveCfg = Release|Any CPU
		{29512AB8-F9DF-4980-8AFA-DA77E5E355BF}.Release|Any CPU.Build.0 = Release|Any CPU
		{AFB9CB9D-5C25-483A-802D-F1CFD57785BB}.Debug|Any CPU.ActiveCfg = Debug|Any CPU
		{AFB9CB9D-5C25-483A-802D-F1CFD57785BB}.Debug|Any CPU.Build.0 = Debug|Any CPU
		{AFB9CB9D-5C25-483A-802D-F1CFD57785BB}.Release|Any CPU.ActiveCfg = Release|Any CPU
		{AFB9CB9D-5C25-483A-802D-F1CFD57785BB}.Release|Any CPU.Build.0 = Release|Any CPU
		{C8C8738C-3C3E-4EE4-B9C9-E650D454FDAA}.Debug|Any CPU.ActiveCfg = Debug|Any CPU
		{C8C8738C-3C3E-4EE4-B9C9-E650D454FDAA}.Debug|Any CPU.Build.0 = Debug|Any CPU
		{C8C8738C-3C3E-4EE4-B9C9-E650D454FDAA}.Release|Any CPU.ActiveCfg = Release|Any CPU
		{C8C8738C-3C3E-4EE4-B9C9-E650D454FDAA}.Release|Any CPU.Build.0 = Release|Any CPU
		{D0376F19-B074-412F-8088-CCCD86E910CD}.Debug|Any CPU.ActiveCfg = Debug|Any CPU
		{D0376F19-B074-412F-8088-CCCD86E910CD}.Debug|Any CPU.Build.0 = Debug|Any CPU
		{D0376F19-B074-412F-8088-CCCD86E910CD}.Release|Any CPU.ActiveCfg = Release|Any CPU
		{D0376F19-B074-412F-8088-CCCD86E910CD}.Release|Any CPU.Build.0 = Release|Any CPU
		{2475E59C-0B4B-4735-9309-4DE87923164C}.Debug|Any CPU.ActiveCfg = Debug|Any CPU
		{2475E59C-0B4B-4735-9309-4DE87923164C}.Debug|Any CPU.Build.0 = Debug|Any CPU
		{2475E59C-0B4B-4735-9309-4DE87923164C}.Release|Any CPU.ActiveCfg = Release|Any CPU
		{2475E59C-0B4B-4735-9309-4DE87923164C}.Release|Any CPU.Build.0 = Release|Any CPU
		{DF3EBD9F-6C64-4172-AC65-146C8C4F8DD0}.Debug|Any CPU.ActiveCfg = Debug|Any CPU
		{DF3EBD9F-6C64-4172-AC65-146C8C4F8DD0}.Debug|Any CPU.Build.0 = Debug|Any CPU
		{DF3EBD9F-6C64-4172-AC65-146C8C4F8DD0}.Release|Any CPU.ActiveCfg = Release|Any CPU
		{DF3EBD9F-6C64-4172-AC65-146C8C4F8DD0}.Release|Any CPU.Build.0 = Release|Any CPU
		{8D694C9E-EEF7-438B-BB55-BF0386FA3837}.Debug|Any CPU.ActiveCfg = Debug|Any CPU
		{8D694C9E-EEF7-438B-BB55-BF0386FA3837}.Debug|Any CPU.Build.0 = Debug|Any CPU
		{8D694C9E-EEF7-438B-BB55-BF0386FA3837}.Release|Any CPU.ActiveCfg = Release|Any CPU
		{8D694C9E-EEF7-438B-BB55-BF0386FA3837}.Release|Any CPU.Build.0 = Release|Any CPU
		{6979BA5F-A0CB-4EC8-A9CE-9B5803F2C5E6}.Debug|Any CPU.ActiveCfg = Debug|Any CPU
		{6979BA5F-A0CB-4EC8-A9CE-9B5803F2C5E6}.Debug|Any CPU.Build.0 = Debug|Any CPU
		{6979BA5F-A0CB-4EC8-A9CE-9B5803F2C5E6}.Release|Any CPU.ActiveCfg = Release|Any CPU
		{6979BA5F-A0CB-4EC8-A9CE-9B5803F2C5E6}.Release|Any CPU.Build.0 = Release|Any CPU
		{64AC9056-EDF5-45E3-BBD1-3338F73DFC7F}.Debug|Any CPU.ActiveCfg = Debug|Any CPU
		{64AC9056-EDF5-45E3-BBD1-3338F73DFC7F}.Debug|Any CPU.Build.0 = Debug|Any CPU
		{64AC9056-EDF5-45E3-BBD1-3338F73DFC7F}.Release|Any CPU.ActiveCfg = Release|Any CPU
		{64AC9056-EDF5-45E3-BBD1-3338F73DFC7F}.Release|Any CPU.Build.0 = Release|Any CPU
		{751819FD-9AB5-446D-A0C3-D6EE18CA3F64}.Debug|Any CPU.ActiveCfg = Debug|Any CPU
		{751819FD-9AB5-446D-A0C3-D6EE18CA3F64}.Debug|Any CPU.Build.0 = Debug|Any CPU
		{751819FD-9AB5-446D-A0C3-D6EE18CA3F64}.Release|Any CPU.ActiveCfg = Release|Any CPU
		{751819FD-9AB5-446D-A0C3-D6EE18CA3F64}.Release|Any CPU.Build.0 = Release|Any CPU
		{AEB5B7E1-3186-43F5-BCD3-80128D7384AD}.Debug|Any CPU.ActiveCfg = Debug|Any CPU
		{AEB5B7E1-3186-43F5-BCD3-80128D7384AD}.Debug|Any CPU.Build.0 = Debug|Any CPU
		{AEB5B7E1-3186-43F5-BCD3-80128D7384AD}.Release|Any CPU.ActiveCfg = Release|Any CPU
		{AEB5B7E1-3186-43F5-BCD3-80128D7384AD}.Release|Any CPU.Build.0 = Release|Any CPU
		{FFB6F058-F71D-4FEF-8433-3C0923C8A747}.Debug|Any CPU.ActiveCfg = Debug|Any CPU
		{FFB6F058-F71D-4FEF-8433-3C0923C8A747}.Debug|Any CPU.Build.0 = Debug|Any CPU
		{FFB6F058-F71D-4FEF-8433-3C0923C8A747}.Release|Any CPU.ActiveCfg = Release|Any CPU
		{FFB6F058-F71D-4FEF-8433-3C0923C8A747}.Release|Any CPU.Build.0 = Release|Any CPU
		{D7471E44-E3AF-4B2A-99D7-464F17343BA8}.Debug|Any CPU.ActiveCfg = Debug|Any CPU
		{D7471E44-E3AF-4B2A-99D7-464F17343BA8}.Debug|Any CPU.Build.0 = Debug|Any CPU
		{D7471E44-E3AF-4B2A-99D7-464F17343BA8}.Release|Any CPU.ActiveCfg = Release|Any CPU
		{D7471E44-E3AF-4B2A-99D7-464F17343BA8}.Release|Any CPU.Build.0 = Release|Any CPU
		{A4334AD6-1C38-4768-A49C-1FD9FE7EACD1}.Debug|Any CPU.ActiveCfg = Debug|Any CPU
		{A4334AD6-1C38-4768-A49C-1FD9FE7EACD1}.Debug|Any CPU.Build.0 = Debug|Any CPU
		{A4334AD6-1C38-4768-A49C-1FD9FE7EACD1}.Release|Any CPU.ActiveCfg = Release|Any CPU
		{A4334AD6-1C38-4768-A49C-1FD9FE7EACD1}.Release|Any CPU.Build.0 = Release|Any CPU
		{C216FFCC-06B1-4A7A-B63E-08B3DDBC1567}.Debug|Any CPU.ActiveCfg = Debug|Any CPU
		{C216FFCC-06B1-4A7A-B63E-08B3DDBC1567}.Debug|Any CPU.Build.0 = Debug|Any CPU
		{C216FFCC-06B1-4A7A-B63E-08B3DDBC1567}.Release|Any CPU.ActiveCfg = Release|Any CPU
		{C216FFCC-06B1-4A7A-B63E-08B3DDBC1567}.Release|Any CPU.Build.0 = Release|Any CPU
		{A4577FCD-CD79-4652-B27E-1A2AAD3B5569}.Debug|Any CPU.ActiveCfg = Debug|Any CPU
		{A4577FCD-CD79-4652-B27E-1A2AAD3B5569}.Debug|Any CPU.Build.0 = Debug|Any CPU
		{A4577FCD-CD79-4652-B27E-1A2AAD3B5569}.Release|Any CPU.ActiveCfg = Release|Any CPU
		{A4577FCD-CD79-4652-B27E-1A2AAD3B5569}.Release|Any CPU.Build.0 = Release|Any CPU
		{D40315F4-FCAE-468E-BE0A-24EB24B80D60}.Debug|Any CPU.ActiveCfg = Debug|Any CPU
		{D40315F4-FCAE-468E-BE0A-24EB24B80D60}.Debug|Any CPU.Build.0 = Debug|Any CPU
		{D40315F4-FCAE-468E-BE0A-24EB24B80D60}.Release|Any CPU.ActiveCfg = Release|Any CPU
		{D40315F4-FCAE-468E-BE0A-24EB24B80D60}.Release|Any CPU.Build.0 = Release|Any CPU
		{57795D73-6A9E-4BA7-8A15-16529C03701C}.Debug|Any CPU.ActiveCfg = Debug|Any CPU
		{57795D73-6A9E-4BA7-8A15-16529C03701C}.Debug|Any CPU.Build.0 = Debug|Any CPU
		{57795D73-6A9E-4BA7-8A15-16529C03701C}.Release|Any CPU.ActiveCfg = Release|Any CPU
		{57795D73-6A9E-4BA7-8A15-16529C03701C}.Release|Any CPU.Build.0 = Release|Any CPU
		{E77882FB-073E-4515-AF57-016C69940329}.Debug|Any CPU.ActiveCfg = Debug|Any CPU
		{E77882FB-073E-4515-AF57-016C69940329}.Debug|Any CPU.Build.0 = Debug|Any CPU
		{E77882FB-073E-4515-AF57-016C69940329}.Release|Any CPU.ActiveCfg = Release|Any CPU
		{E77882FB-073E-4515-AF57-016C69940329}.Release|Any CPU.Build.0 = Release|Any CPU
		{F39544F0-2FCE-465D-A009-E02C676E1EA7}.Debug|Any CPU.ActiveCfg = Debug|Any CPU
		{F39544F0-2FCE-465D-A009-E02C676E1EA7}.Debug|Any CPU.Build.0 = Debug|Any CPU
		{F39544F0-2FCE-465D-A009-E02C676E1EA7}.Release|Any CPU.ActiveCfg = Release|Any CPU
		{F39544F0-2FCE-465D-A009-E02C676E1EA7}.Release|Any CPU.Build.0 = Release|Any CPU
		{9206CF20-6F49-4B81-B57A-590DD0ABBDE4}.Debug|Any CPU.ActiveCfg = Debug|Any CPU
		{9206CF20-6F49-4B81-B57A-590DD0ABBDE4}.Debug|Any CPU.Build.0 = Debug|Any CPU
		{9206CF20-6F49-4B81-B57A-590DD0ABBDE4}.Release|Any CPU.ActiveCfg = Release|Any CPU
		{9206CF20-6F49-4B81-B57A-590DD0ABBDE4}.Release|Any CPU.Build.0 = Release|Any CPU
		{7DBB145A-1F28-4082-A446-F5C5A0DB0544}.Debug|Any CPU.ActiveCfg = Debug|Any CPU
		{7DBB145A-1F28-4082-A446-F5C5A0DB0544}.Debug|Any CPU.Build.0 = Debug|Any CPU
		{7DBB145A-1F28-4082-A446-F5C5A0DB0544}.Release|Any CPU.ActiveCfg = Release|Any CPU
		{7DBB145A-1F28-4082-A446-F5C5A0DB0544}.Release|Any CPU.Build.0 = Release|Any CPU
		{CE1A48AA-35DA-4C17-B63E-EB606E9D319F}.Debug|Any CPU.ActiveCfg = Debug|Any CPU
		{CE1A48AA-35DA-4C17-B63E-EB606E9D319F}.Debug|Any CPU.Build.0 = Debug|Any CPU
		{CE1A48AA-35DA-4C17-B63E-EB606E9D319F}.Release|Any CPU.ActiveCfg = Release|Any CPU
		{CE1A48AA-35DA-4C17-B63E-EB606E9D319F}.Release|Any CPU.Build.0 = Release|Any CPU
		{1B8AF445-0B18-49F1-AAA9-BFDFD89447C6}.Debug|Any CPU.ActiveCfg = Debug|Any CPU
		{1B8AF445-0B18-49F1-AAA9-BFDFD89447C6}.Debug|Any CPU.Build.0 = Debug|Any CPU
		{1B8AF445-0B18-49F1-AAA9-BFDFD89447C6}.Release|Any CPU.ActiveCfg = Release|Any CPU
		{1B8AF445-0B18-49F1-AAA9-BFDFD89447C6}.Release|Any CPU.Build.0 = Release|Any CPU
		{44EBCC6E-1A77-4032-B387-640B9E047BDE}.Debug|Any CPU.ActiveCfg = Debug|Any CPU
		{44EBCC6E-1A77-4032-B387-640B9E047BDE}.Debug|Any CPU.Build.0 = Debug|Any CPU
		{44EBCC6E-1A77-4032-B387-640B9E047BDE}.Release|Any CPU.ActiveCfg = Release|Any CPU
		{44EBCC6E-1A77-4032-B387-640B9E047BDE}.Release|Any CPU.Build.0 = Release|Any CPU
		{10907966-D6C3-4EA7-B47E-90F5C9D37F14}.Debug|Any CPU.ActiveCfg = Debug|Any CPU
		{10907966-D6C3-4EA7-B47E-90F5C9D37F14}.Debug|Any CPU.Build.0 = Debug|Any CPU
		{10907966-D6C3-4EA7-B47E-90F5C9D37F14}.Release|Any CPU.ActiveCfg = Release|Any CPU
		{10907966-D6C3-4EA7-B47E-90F5C9D37F14}.Release|Any CPU.Build.0 = Release|Any CPU
		{5E913622-55CE-45E1-B6D5-F2AF0817D7EB}.Debug|Any CPU.ActiveCfg = Debug|Any CPU
		{5E913622-55CE-45E1-B6D5-F2AF0817D7EB}.Debug|Any CPU.Build.0 = Debug|Any CPU
		{5E913622-55CE-45E1-B6D5-F2AF0817D7EB}.Release|Any CPU.ActiveCfg = Release|Any CPU
		{5E913622-55CE-45E1-B6D5-F2AF0817D7EB}.Release|Any CPU.Build.0 = Release|Any CPU
		{248D16E9-75B4-465F-A0D1-5A3969FE3B06}.Debug|Any CPU.ActiveCfg = Debug|Any CPU
		{248D16E9-75B4-465F-A0D1-5A3969FE3B06}.Debug|Any CPU.Build.0 = Debug|Any CPU
		{248D16E9-75B4-465F-A0D1-5A3969FE3B06}.Release|Any CPU.ActiveCfg = Release|Any CPU
		{248D16E9-75B4-465F-A0D1-5A3969FE3B06}.Release|Any CPU.Build.0 = Release|Any CPU
		{23808E27-BB52-4BEE-9B71-22C5C4BD19D6}.Debug|Any CPU.ActiveCfg = Debug|Any CPU
		{23808E27-BB52-4BEE-9B71-22C5C4BD19D6}.Debug|Any CPU.Build.0 = Debug|Any CPU
		{23808E27-BB52-4BEE-9B71-22C5C4BD19D6}.Release|Any CPU.ActiveCfg = Release|Any CPU
		{23808E27-BB52-4BEE-9B71-22C5C4BD19D6}.Release|Any CPU.Build.0 = Release|Any CPU
		{A9A0A4CC-371E-49E5-96D4-79672617D278}.Debug|Any CPU.ActiveCfg = Debug|Any CPU
		{A9A0A4CC-371E-49E5-96D4-79672617D278}.Debug|Any CPU.Build.0 = Debug|Any CPU
		{A9A0A4CC-371E-49E5-96D4-79672617D278}.Release|Any CPU.ActiveCfg = Release|Any CPU
		{A9A0A4CC-371E-49E5-96D4-79672617D278}.Release|Any CPU.Build.0 = Release|Any CPU
		{1AF30D05-63E8-4E28-AF0C-DE4C7B724EA1}.Debug|Any CPU.ActiveCfg = Debug|Any CPU
		{1AF30D05-63E8-4E28-AF0C-DE4C7B724EA1}.Debug|Any CPU.Build.0 = Debug|Any CPU
		{1AF30D05-63E8-4E28-AF0C-DE4C7B724EA1}.Release|Any CPU.ActiveCfg = Release|Any CPU
		{1AF30D05-63E8-4E28-AF0C-DE4C7B724EA1}.Release|Any CPU.Build.0 = Release|Any CPU
		{D1C23C3B-71C8-45D2-8353-1A16FEE061B7}.Debug|Any CPU.ActiveCfg = Debug|Any CPU
		{D1C23C3B-71C8-45D2-8353-1A16FEE061B7}.Debug|Any CPU.Build.0 = Debug|Any CPU
		{D1C23C3B-71C8-45D2-8353-1A16FEE061B7}.Release|Any CPU.ActiveCfg = Release|Any CPU
		{D1C23C3B-71C8-45D2-8353-1A16FEE061B7}.Release|Any CPU.Build.0 = Release|Any CPU
	EndGlobalSection
EndGlobal
