
Microsoft Visual Studio Solution File, Format Version 12.00
Project("{FAE04EC0-301F-11D3-BF4B-00C04F79EFBC}") = "Leap", "leap\Leap.csproj", "{2E91ACE2-7E65-4743-8351-2628B7FD55E8}"
EndProject
Project("{FAE04EC0-301F-11D3-BF4B-00C04F79EFBC}") = "Darts", "darts\Darts.csproj", "{0FED4CE2-C1BE-4405-9245-95220A64EEFB}"
EndProject
Project("{FAE04EC0-301F-11D3-BF4B-00C04F79EFBC}") = "Triangle", "triangle\Triangle.csproj", "{5B43BAAC-8F8D-4CE0-A027-9D8316369B2C}"
EndProject
Project("{FAE04EC0-301F-11D3-BF4B-00C04F79EFBC}") = "DifferenceOfSquares", "difference-of-squares\DifferenceOfSquares.csproj", "{29512AB8-F9DF-4980-8AFA-DA77E5E355BF}"
EndProject
Project("{FAE04EC0-301F-11D3-BF4B-00C04F79EFBC}") = "Bob", "bob\Bob.csproj", "{AFB9CB9D-5C25-483A-802D-F1CFD57785BB}"
EndProject
Project("{FAE04EC0-301F-11D3-BF4B-00C04F79EFBC}") = "RomanNumerals", "roman-numerals\RomanNumerals.csproj", "{C8C8738C-3C3E-4EE4-B9C9-E650D454FDAA}"
EndProject
Project("{FAE04EC0-301F-11D3-BF4B-00C04F79EFBC}") = "PythagoreanTriplet", "pythagorean-triplet\PythagoreanTriplet.csproj", "{D0376F19-B074-412F-8088-CCCD86E910CD}"
EndProject
Project("{FAE04EC0-301F-11D3-BF4B-00C04F79EFBC}") = "AnnalynsInfiltration", "annalyns-infiltration\AnnalynsInfiltration.csproj", "{2475E59C-0B4B-4735-9309-4DE87923164C}"
EndProject
Project("{FAE04EC0-301F-11D3-BF4B-00C04F79EFBC}") = "CarsAssemble", "cars-assemble\CarsAssemble.csproj", "{DF3EBD9F-6C64-4172-AC65-146C8C4F8DD0}"
EndProject
Project("{FAE04EC0-301F-11D3-BF4B-00C04F79EFBC}") = "Dominoes", "dominoes\Dominoes.csproj", "{8D694C9E-EEF7-438B-BB55-BF0386FA3837}"
EndProject
Project("{FAE04EC0-301F-11D3-BF4B-00C04F79EFBC}") = "ElonsToys", "elons-toys\ElonsToys.csproj", "{6979BA5F-A0CB-4EC8-A9CE-9B5803F2C5E6}"
EndProject
Project("{FAE04EC0-301F-11D3-BF4B-00C04F79EFBC}") = "InterestIsInteresting", "interest-is-interesting\InterestIsInteresting.csproj", "{64AC9056-EDF5-45E3-BBD1-3338F73DFC7F}"
EndProject
Project("{FAE04EC0-301F-11D3-BF4B-00C04F79EFBC}") = "LogAnalysis", "log-analysis\LogAnalysis.csproj", "{751819FD-9AB5-446D-A0C3-D6EE18CA3F64}"
EndProject
Project("{FAE04EC0-301F-11D3-BF4B-00C04F79EFBC}") = "LogLevels", "log-levels\LogLevels.csproj", "{AEB5B7E1-3186-43F5-BCD3-80128D7384AD}"
EndProject
Project("{FAE04EC0-301F-11D3-BF4B-00C04F79EFBC}") = "PhoneNumberAnalysis", "phone-number-analysis\PhoneNumberAnalysis.csproj", "{FFB6F058-F71D-4FEF-8433-3C0923C8A747}"
EndProject
Project("{FAE04EC0-301F-11D3-BF4B-00C04F79EFBC}") = "RollTheDie", "roll-the-die\RollTheDie.csproj", "{D7471E44-E3AF-4B2A-99D7-464F17343BA8}"
EndProject
Project("{FAE04EC0-301F-11D3-BF4B-00C04F79EFBC}") = "TimFromMarketing", "tim-from-marketing\TimFromMarketing.csproj", "{A4334AD6-1C38-4768-A49C-1FD9FE7EACD1}"
EndProject
Project("{FAE04EC0-301F-11D3-BF4B-00C04F79EFBC}") = "SaddlePoints", "saddle-points\SaddlePoints.csproj", "{C216FFCC-06B1-4A7A-B63E-08B3DDBC1567}"
EndProject
Project("{FAE04EC0-301F-11D3-BF4B-00C04F79EFBC}") = "DiffieHellman", "diffie-hellman\DiffieHellman.csproj", "{A4577FCD-CD79-4652-B27E-1A2AAD3B5569}"
EndProject
Project("{FAE04EC0-301F-11D3-BF4B-00C04F79EFBC}") = "BirdWatcher", "bird-watcher\BirdWatcher.csproj", "{D40315F4-FCAE-468E-BE0A-24EB24B80D60}"
EndProject
Project("{FAE04EC0-301F-11D3-BF4B-00C04F79EFBC}") = "NeedForSpeed", "need-for-speed\NeedForSpeed.csproj", "{57795D73-6A9E-4BA7-8A15-16529C03701C}"
EndProject
Project("{FAE04EC0-301F-11D3-BF4B-00C04F79EFBC}") = "BookingUpForBeauty", "booking-up-for-beauty\BookingUpForBeauty.csproj", "{E77882FB-073E-4515-AF57-016C69940329}"
EndProject
Project("{FAE04EC0-301F-11D3-BF4B-00C04F79EFBC}") = "ReverseString", "reverse-string\ReverseString.csproj", "{F39544F0-2FCE-465D-A009-E02C676E1EA7}"
EndProject
Project("{FAE04EC0-301F-11D3-BF4B-00C04F79EFBC}") = "Anagram", "anagram\Anagram.csproj", "{9206CF20-6F49-4B81-B57A-590DD0ABBDE4}"
EndProject
Project("{FAE04EC0-301F-11D3-BF4B-00C04F79EFBC}") = "RunLengthEncoding", "run-length-encoding\RunLengthEncoding.csproj", "{7DBB145A-1F28-4082-A446-F5C5A0DB0544}"
EndProject
Project("{FAE04EC0-301F-11D3-BF4B-00C04F79EFBC}") = "SpiralMatrix", "spiral-matrix\SpiralMatrix.csproj", "{CE1A48AA-35DA-4C17-B63E-EB606E9D319F}"
EndProject
Project("{FAE04EC0-301F-11D3-BF4B-00C04F79EFBC}") = "SumOfMultiples", "sum-of-multiples\SumOfMultiples.csproj", "{1B8AF445-0B18-49F1-AAA9-BFDFD89447C6}"
EndProject
Project("{FAE04EC0-301F-11D3-BF4B-00C04F79EFBC}") = "SpaceAge", "space-age\SpaceAge.csproj", "{44EBCC6E-1A77-4032-B387-640B9E047BDE}"
EndProject
Project("{FAE04EC0-301F-11D3-BF4B-00C04F79EFBC}") = "ProteinTranslation", "protein-translation\ProteinTranslation.csproj", "{10907966-D6C3-4EA7-B47E-90F5C9D37F14}"
EndProject
Project("{FAE04EC0-301F-11D3-BF4B-00C04F79EFBC}") = "Gigasecond", "gigasecond\Gigasecond.csproj", "{5E913622-55CE-45E1-B6D5-F2AF0817D7EB}"
EndProject
Project("{FAE04EC0-301F-11D3-BF4B-00C04F79EFBC}") = "ResistorColor", "resistor-color\ResistorColor.csproj", "{248D16E9-75B4-465F-A0D1-5A3969FE3B06}"
EndProject
Project("{FAE04EC0-301F-11D3-BF4B-00C04F79EFBC}") = "ResistorColorDuo", "resistor-color-duo\ResistorColorDuo.csproj", "{23808E27-BB52-4BEE-9B71-22C5C4BD19D6}"
EndProject
Project("{FAE04EC0-301F-11D3-BF4B-00C04F79EFBC}") = "Proverb", "proverb\Proverb.csproj", "{A9A0A4CC-371E-49E5-96D4-79672617D278}"
EndProject
Project("{FAE04EC0-301F-11D3-BF4B-00C04F79EFBC}") = "BinarySearch", "binary-search\BinarySearch.csproj", "{1AF30D05-63E8-4E28-AF0C-DE4C7B724EA1}"
EndProject
Project("{FAE04EC0-301F-11D3-BF4B-00C04F79EFBC}") = "BookStore", "book-store\BookStore.csproj", "{D1C23C3B-71C8-45D2-8353-1A16FEE061B7}"
EndProject
Project("{FAE04EC0-301F-11D3-BF4B-00C04F79EFBC}") = "Meetup", "meetup\Meetup.csproj", "{FD2A6038-1EE0-4F0A-AA36-1A8E7E9AA95F}"
EndProject
Project("{FAE04EC0-301F-11D3-BF4B-00C04F79EFBC}") = "RailFenceCipher", "rail-fence-cipher\RailFenceCipher.csproj", "{C4F73B99-823F-491A-8833-84EE9ADB8EB6}"
EndProject
Project("{FAE04EC0-301F-11D3-BF4B-00C04F79EFBC}") = "Rectangles", "rectangles\Rectangles.csproj", "{DAFA0BE7-0CD6-4E34-ABF3-9C0DE4CA9AC2}"
EndProject
Project("{FAE04EC0-301F-11D3-BF4B-00C04F79EFBC}") = "Transpose", "transpose\Transpose.csproj", "{9C28E7D2-B6F1-4016-AF2E-BD39538742ED}"
EndProject
Project("{FAE04EC0-301F-11D3-BF4B-00C04F79EFBC}") = "ScaleGenerator", "scale-generator\ScaleGenerator.csproj", "{FC101A8A-DF17-498C-8E0D-AD5551263101}"
EndProject
Project("{FAE04EC0-301F-11D3-BF4B-00C04F79EFBC}") = "FlattenArray", "flatten-array\FlattenArray.csproj", "{ADBECFD3-C609-4CAE-A7C5-C85F4139EF32}"
EndProject
Project("{FAE04EC0-301F-11D3-BF4B-00C04F79EFBC}") = "WizardsAndWarriors", "wizards-and-warriors\WizardsAndWarriors.csproj", "{B73140AA-1EFD-4D3F-95AA-EC77E27465B5}"
EndProject
Project("{FAE04EC0-301F-11D3-BF4B-00C04F79EFBC}") = "TracksOnTracksOnTracks", "tracks-on-tracks-on-tracks\TracksOnTracksOnTracks.csproj", "{7640467D-A82C-4A50-97DD-D12E56B72B50}"
EndProject
Project("{FAE04EC0-301F-11D3-BF4B-00C04F79EFBC}") = "HyperOptimizedTelemetry", "hyper-optimized-telemetry\HyperOptimizedTelemetry.csproj", "{5FA680CC-2BE5-4E52-BDF3-3FB9697F08B2}"
EndProject
Project("{FAE04EC0-301F-11D3-BF4B-00C04F79EFBC}") = "Accumulate", "accumulate\Accumulate.csproj", "{79631ACD-AE48-4756-A95F-1218999B53EB}"
EndProject
Project("{FAE04EC0-301F-11D3-BF4B-00C04F79EFBC}") = "PrimeFactors", "prime-factors\PrimeFactors.csproj", "{539EC57B-55C5-401E-BD82-C9C2F3D63ACE}"
EndProject
Project("{FAE04EC0-301F-11D3-BF4B-00C04F79EFBC}") = "RobotName", "robot-name\RobotName.csproj", "{35562E31-5284-41C0-936F-95D8F2DEA4B0}"
EndProject
Project("{FAE04EC0-301F-11D3-BF4B-00C04F79EFBC}") = "LinkedList", "linked-list\LinkedList.csproj", "{9C6F1A9B-FA00-4AD1-B231-0CA2E2D61A82}"
EndProject
Project("{FAE04EC0-301F-11D3-BF4B-00C04F79EFBC}") = "SqueakyClean", "squeaky-clean\SqueakyClean.csproj", "{E5E19C8E-A339-4D78-B459-4395415411AC}"
EndProject
Project("{FAE04EC0-301F-11D3-BF4B-00C04F79EFBC}") = "Pangram", "pangram\Pangram.csproj", "{654EF880-D517-40AA-9697-9488BFB435FB}"
EndProject
Project("{FAE04EC0-301F-11D3-BF4B-00C04F79EFBC}") = "Isogram", "isogram\Isogram.csproj", "{E1DBB743-28DA-4DF0-83D8-EAC3E8AF35F6}"
EndProject
Project("{FAE04EC0-301F-11D3-BF4B-00C04F79EFBC}") = "Acronym", "acronym\Acronym.csproj", "{22B5FDDF-4B7C-4AB8-A1BD-B793D240693C}"
EndProject
Project("{FAE04EC0-301F-11D3-BF4B-00C04F79EFBC}") = "RotationalCipher", "rotational-cipher\RotationalCipher.csproj", "{735CA2D0-756F-49E5-8A49-80FDD186B4AC}"
EndProject
Project("{FAE04EC0-301F-11D3-BF4B-00C04F79EFBC}") = "AtbashCipher", "atbash-cipher\AtbashCipher.csproj", "{E1CCB77F-C79B-42C7-A81C-CC38278BC815}"
EndProject
Project("{FAE04EC0-301F-11D3-BF4B-00C04F79EFBC}") = "Luhn", "luhn\Luhn.csproj", "{1D1BEEC4-F515-4303-9E5D-2851B5672F9D}"
EndProject
Project("{FAE04EC0-301F-11D3-BF4B-00C04F79EFBC}") = "IsbnVerifier", "isbn-verifier\IsbnVerifier.csproj", "{7FF6FA71-BEEA-46D7-87A7-9391FABD5F3E}"
EndProject
Project("{FAE04EC0-301F-11D3-BF4B-00C04F79EFBC}") = "InternationalCallingConnoisseur", "international-calling-connoisseur\InternationalCallingConnoisseur.csproj", "{63BDBBC3-DB02-4F49-87F4-E9309C14C048}"
EndProject
Project("{FAE04EC0-301F-11D3-BF4B-00C04F79EFBC}") = "WordSearch", "word-search\WordSearch.csproj", "{EDF8185B-34FC-4DEF-8BA0-1941B77E9180}"
EndProject
Project("{FAE04EC0-301F-11D3-BF4B-00C04F79EFBC}") = "ScrabbleScore", "scrabble-score\ScrabbleScore.csproj", "{AFA5B134-D853-4741-8B6B-CF9C84464365}"
EndProject
Project("{FAE04EC0-301F-11D3-BF4B-00C04F79EFBC}") = "Etl", "etl\Etl.csproj", "{4D6C7363-A2F3-4ADD-BD6C-EA1DD4BED3FF}"
EndProject
Project("{FAE04EC0-301F-11D3-BF4B-00C04F79EFBC}") = "ParallelLetterFrequency", "parallel-letter-frequency\ParallelLetterFrequency.csproj", "{2C3FE841-E0B8-4FA1-9978-34682FA97ABA}"
EndProject
Project("{FAE04EC0-301F-11D3-BF4B-00C04F79EFBC}") = "BeerSong", "beer-song\BeerSong.csproj", "{ACA1A22C-98E8-4F9A-BB3B-38D67D95B6BD}"
EndProject
Project("{FAE04EC0-301F-11D3-BF4B-00C04F79EFBC}") = "FootballMatchReports", "football-match-reports\FootballMatchReports.csproj", "{6388FE10-2AAB-441F-B062-E14440732936}"
EndProject
Project("{FAE04EC0-301F-11D3-BF4B-00C04F79EFBC}") = "BeautySalonGoesGlobal", "beauty-salon-goes-global\BeautySalonGoesGlobal.csproj", "{C35A888B-792E-45AF-BB62-C8581D3F212A}"
EndProject
Project("{FAE04EC0-301F-11D3-BF4B-00C04F79EFBC}") = "LogsLogsLogs", "logs-logs-logs\LogsLogsLogs.csproj", "{A583DF7F-7054-4155-A3C6-0849F0F44DD9}"
EndProject
Project("{FAE04EC0-301F-11D3-BF4B-00C04F79EFBC}") = "Allergies", "allergies\Allergies.csproj", "{9C49B638-65F8-406A-8F0D-DB0B163B4416}"
EndProject
Project("{FAE04EC0-301F-11D3-BF4B-00C04F79EFBC}") = "KindergartenGarden", "kindergarten-garden\KindergartenGarden.csproj", "{ABA139F8-1004-471D-AC4F-C67CDE5D746B}"
EndProject
Project("{FAE04EC0-301F-11D3-BF4B-00C04F79EFBC}") = "Sublist", "sublist\Sublist.csproj", "{EAC161D6-D274-4EAE-ABF1-DD84A806F7FD}"
EndProject
Project("{FAE04EC0-301F-11D3-BF4B-00C04F79EFBC}") = "Yacht", "yacht\Yacht.csproj", "{BAADEBB8-542F-4ECD-8E3B-0BA4732FAE62}"
EndProject
Project("{FAE04EC0-301F-11D3-BF4B-00C04F79EFBC}") = "AttackOfTheTrolls", "attack-of-the-trolls\AttackOfTheTrolls.csproj", "{9D96EA75-4434-4CF0-89B5-1844BBC434EA}"
EndProject
Project("{FAE04EC0-301F-11D3-BF4B-00C04F79EFBC}") = "CalculatorConundrum", "calculator-conundrum\CalculatorConundrum.csproj", "{E61567F3-7FED-4F79-A1F4-6D95EA860362}"
EndProject
Project("{FAE04EC0-301F-11D3-BF4B-00C04F79EFBC}") = "Hamming", "hamming\Hamming.csproj", "{496442E4-B126-4612-842D-D36033CE28F5}"
EndProject
Project("{FAE04EC0-301F-11D3-BF4B-00C04F79EFBC}") = "CollatzConjecture", "collatz-conjecture\CollatzConjecture.csproj", "{5F847456-19F5-430C-9622-CA42EEC07B2C}"
EndProject
Project("{FAE04EC0-301F-11D3-BF4B-00C04F79EFBC}") = "PerfectNumbers", "perfect-numbers\PerfectNumbers.csproj", "{EDFF7608-27A8-489C-9C64-39AB6E94B987}"
EndProject
Project("{FAE04EC0-301F-11D3-BF4B-00C04F79EFBC}") = "Series", "series\Series.csproj", "{5439A882-5897-41EC-8230-CA3D920A68E8}"
EndProject
Project("{FAE04EC0-301F-11D3-BF4B-00C04F79EFBC}") = "Sieve", "sieve\Sieve.csproj", "{41F63BAF-30DB-4D2F-BFE2-74A19346BB4B}"
EndProject
Project("{FAE04EC0-301F-11D3-BF4B-00C04F79EFBC}") = "Grains", "grains\Grains.csproj", "{DD4903B0-873B-42F1-B4A2-92B4C4E99A57}"
EndProject
Project("{FAE04EC0-301F-11D3-BF4B-00C04F79EFBC}") = "RnaTranscription", "rna-transcription\RnaTranscription.csproj", "{0E058AD2-95F4-46EF-944F-33789CEC10C4}"
EndProject
Project("{FAE04EC0-301F-11D3-BF4B-00C04F79EFBC}") = "NucleotideCount", "nucleotide-count\NucleotideCount.csproj", "{6EFCB016-93D9-4C3A-8E11-06094E0B9DEC}"
EndProject
Project("{FAE04EC0-301F-11D3-BF4B-00C04F79EFBC}") = "PhoneNumber", "phone-number\PhoneNumber.csproj", "{38BF73D3-A5F3-4BAC-8E19-8CAE827AF664}"
EndProject
Project("{FAE04EC0-301F-11D3-BF4B-00C04F79EFBC}") = "QueenAttack", "queen-attack\QueenAttack.csproj", "{991A0729-C8D5-4CD4-B3C7-8B818DB5E358}"
EndProject
Project("{FAE04EC0-301F-11D3-BF4B-00C04F79EFBC}") = "Strain", "strain\Strain.csproj", "{3BAEA9AA-466A-4CAF-A5B2-A6E657B6AFE3}"
EndProject
Project("{FAE04EC0-301F-11D3-BF4B-00C04F79EFBC}") = "SecretHandshake", "secret-handshake\SecretHandshake.csproj", "{5DA543A6-CCC4-4E14-A9EE-C13996C787AF}"
EndProject
Project("{FAE04EC0-301F-11D3-BF4B-00C04F79EFBC}") = "PalindromeProducts", "palindrome-products\PalindromeProducts.csproj", "{BA6CCF66-3608-4C22-BA9D-E12B2F4914C7}"
EndProject
Project("{FAE04EC0-301F-11D3-BF4B-00C04F79EFBC}") = "Bowling", "bowling\Bowling.csproj", "{ACD20D1A-592A-4DFC-B66A-FCA708583A3D}"
EndProject
Project("{FAE04EC0-301F-11D3-BF4B-00C04F79EFBC}") = "AllYourBase", "all-your-base\AllYourBase.csproj", "{18A53BAD-2662-4D4F-9301-2A079B9EA3D9}"
EndProject
Project("{FAE04EC0-301F-11D3-BF4B-00C04F79EFBC}") = "OcrNumbers", "ocr-numbers\OcrNumbers.csproj", "{32BC7E53-E403-4D72-9EA6-AEF4FD22D85A}"
EndProject
Project("{FAE04EC0-301F-11D3-BF4B-00C04F79EFBC}") = "AffineCipher", "affine-cipher\AffineCipher.csproj", "{05E74FFF-E75D-488E-8BC8-7AC5A8D1EBBF}"
EndProject
Project("{FAE04EC0-301F-11D3-BF4B-00C04F79EFBC}") = "VariableLengthQuantity", "variable-length-quantity\VariableLengthQuantity.csproj", "{F8FB81A3-BDA4-47B6-90DE-35FEFE34DBA4}"
EndProject
Project("{FAE04EC0-301F-11D3-BF4B-00C04F79EFBC}") = "LargestSeriesProduct", "largest-series-product\LargestSeriesProduct.csproj", "{0917B617-F943-46FF-B6E9-D1C5C1E144FB}"
EndProject
Project("{FAE04EC0-301F-11D3-BF4B-00C04F79EFBC}") = "CircularBuffer", "circular-buffer\CircularBuffer.csproj", "{991A2BA4-F4D0-486C-B557-CC656F4F751A}"
EndProject
Project("{FAE04EC0-301F-11D3-BF4B-00C04F79EFBC}") = "WordCount", "word-count\WordCount.csproj", "{0D05CA59-91F0-402E-9D13-97D55D842716}"
EndProject
Project("{FAE04EC0-301F-11D3-BF4B-00C04F79EFBC}") = "Wordy", "wordy\Wordy.csproj", "{7BC3B588-2840-4B11-831A-5F3B7C53E79D}"
EndProject
Project("{FAE04EC0-301F-11D3-BF4B-00C04F79EFBC}") = "Change", "change\Change.csproj", "{BB9554B2-C9DA-4564-A471-E28E0E155C87}"
EndProject
Project("{FAE04EC0-301F-11D3-BF4B-00C04F79EFBC}") = "Say", "say\Say.csproj", "{A5370860-C5F5-417A-A228-F04A8A314C1B}"
EndProject
Project("{FAE04EC0-301F-11D3-BF4B-00C04F79EFBC}") = "GoCounting", "go-counting\GoCounting.csproj", "{7336F868-6D52-47F5-A53D-3DBC4002C712}"
EndProject
Project("{FAE04EC0-301F-11D3-BF4B-00C04F79EFBC}") = "Connect", "connect\Connect.csproj", "{FC990B3A-D32A-445B-9563-8BBF35F075B8}"
EndProject
Project("{FAE04EC0-301F-11D3-BF4B-00C04F79EFBC}") = "ZebraPuzzle", "zebra-puzzle\ZebraPuzzle.csproj", "{B712796A-8715-4D33-975F-CB409A636076}"
EndProject
Project("{FAE04EC0-301F-11D3-BF4B-00C04F79EFBC}") = "SecureMunchesterUnited", "secure-munchester-united\SecureMunchesterUnited.csproj", "{1F531133-F030-4277-B5FB-EFCA04800FD5}"
EndProject
Project("{FAE04EC0-301F-11D3-BF4B-00C04F79EFBC}") = "HyperinflationHitsHyperia", "hyperinflation-hits-hyperia\HyperinflationHitsHyperia.csproj", "{1547A29F-9089-4024-9B8A-525847CEBBF6}"
EndProject
Project("{FAE04EC0-301F-11D3-BF4B-00C04F79EFBC}") = "Raindrops", "raindrops\Raindrops.csproj", "{CEFDBDED-4E32-4325-BACB-5FC78F819223}"
EndProject
Project("{FAE04EC0-301F-11D3-BF4B-00C04F79EFBC}") = "ArmstrongNumbers", "armstrong-numbers\ArmstrongNumbers.csproj", "{CCE69EAA-FA7C-4CB8-B817-EA7D524A4A81}"
EndProject
Project("{FAE04EC0-301F-11D3-BF4B-00C04F79EFBC}") = "WeighingMachine", "weighing-machine\WeighingMachine.csproj", "{AEEEB5EA-3FB7-4624-B00F-7EFC918A7132}"
EndProject
Project("{FAE04EC0-301F-11D3-BF4B-00C04F79EFBC}") = "BankAccount", "bank-account\BankAccount.csproj", "{AFDBEACF-332C-400E-ABCC-ECD766FDF6C0}"
EndProject
Project("{FAE04EC0-301F-11D3-BF4B-00C04F79EFBC}") = "SimpleCipher", "simple-cipher\SimpleCipher.csproj", "{CB7DA528-5D96-4FB9-BBB4-33E680CE2860}"
EndProject
Project("{FAE04EC0-301F-11D3-BF4B-00C04F79EFBC}") = "DndCharacter", "dnd-character\DndCharacter.csproj", "{3A45A4E0-669F-4164-B623-F39C81409DE5}"
EndProject
Project("{FAE04EC0-301F-11D3-BF4B-00C04F79EFBC}") = "Matrix", "matrix\Matrix.csproj", "{6BA5764B-A805-4396-BDA0-6436205E0467}"
EndProject
Project("{FAE04EC0-301F-11D3-BF4B-00C04F79EFBC}") = "TreeBuilding", "tree-building\TreeBuilding.csproj", "{899160B6-E069-45CF-AB3A-1344B499F257}"
EndProject
Project("{FAE04EC0-301F-11D3-BF4B-00C04F79EFBC}") = "BinarySearchTree", "binary-search-tree\BinarySearchTree.csproj", "{A23EC69E-2E35-4812-9035-23FE7728ECC2}"
EndProject
Project("{FAE04EC0-301F-11D3-BF4B-00C04F79EFBC}") = "RobotSimulator", "robot-simulator\RobotSimulator.csproj", "{751A9FC4-EA3B-41E9-ACCA-249B17F9FDFF}"
EndProject
Project("{FAE04EC0-301F-11D3-BF4B-00C04F79EFBC}") = "SgfParsing", "sgf-parsing\SgfParsing.csproj", "{DF725872-22F2-4E60-A118-1EA1575058C9}"
EndProject
Project("{FAE04EC0-301F-11D3-BF4B-00C04F79EFBC}") = "TwoBucket", "two-bucket\TwoBucket.csproj", "{F78B89ED-8FDD-45AE-821F-E1B9B38C40D1}"
EndProject
Project("{FAE04EC0-301F-11D3-BF4B-00C04F79EFBC}") = "ObjectRelationalMapping", "object-relational-mapping\ObjectRelationalMapping.csproj", "{8C8B94AE-194D-4E5D-86EF-431ADFC49EE3}"
EndProject
Project("{FAE04EC0-301F-11D3-BF4B-00C04F79EFBC}") = "ErrorHandling", "error-handling\ErrorHandling.csproj", "{E63086A9-F00A-4D1D-8F8F-228A40F100F6}"
EndProject
Project("{FAE04EC0-301F-11D3-BF4B-00C04F79EFBC}") = "HighSchoolSweethearts", "high-school-sweethearts\HighSchoolSweethearts.csproj", "{69D7CAA9-3F20-4DAC-B276-B2369863DC4F}"
EndProject
Project("{FAE04EC0-301F-11D3-BF4B-00C04F79EFBC}") = "FoodChain", "food-chain\FoodChain.csproj", "{9AEAFFC4-57DB-444F-B2BC-2E6945D3E9EE}"
EndProject
Project("{FAE04EC0-301F-11D3-BF4B-00C04F79EFBC}") = "Grep", "grep\Grep.csproj", "{CD8D3F00-97C7-4355-835E-E2095FDC0033}"
EndProject
Project("{FAE04EC0-301F-11D3-BF4B-00C04F79EFBC}") = "Markdown", "markdown\Markdown.csproj", "{43E78E25-C80A-4D08-A532-1CB4D6E8685A}"
EndProject
Project("{FAE04EC0-301F-11D3-BF4B-00C04F79EFBC}") = "Diamond", "diamond\Diamond.csproj", "{CD443E70-FAB2-49F2-A776-35D9B2F56BD9}"
EndProject
Project("{FAE04EC0-301F-11D3-BF4B-00C04F79EFBC}") = "Tournament", "tournament\Tournament.csproj", "{05C59FBE-88F0-4FB8-81EA-8A872C8E71F6}"
EndProject
Project("{FAE04EC0-301F-11D3-BF4B-00C04F79EFBC}") = "ResistorColorTrio", "resistor-color-trio\ResistorColorTrio.csproj", "{AEB3DF5D-F304-4109-BFA0-5AE58B2B7C02}"
EndProject
Project("{FAE04EC0-301F-11D3-BF4B-00C04F79EFBC}") = "House", "house\House.csproj", "{72B3679A-A723-4DEA-BD43-047AC2F66A38}"
EndProject
Project("{FAE04EC0-301F-11D3-BF4B-00C04F79EFBC}") = "Minesweeper", "minesweeper\Minesweeper.csproj", "{84C2CA19-20FD-4A79-961A-343918486A2C}"
EndProject
Project("{FAE04EC0-301F-11D3-BF4B-00C04F79EFBC}") = "Ledger", "ledger\Ledger.csproj", "{0A37CBB8-887B-4FFE-B6C2-35AF0CCA2378}"
EndProject
Project("{FAE04EC0-301F-11D3-BF4B-00C04F79EFBC}") = "TwelveDays", "twelve-days\TwelveDays.csproj", "{837EE728-C16C-4E4C-B327-EEFF105AA4FE}"
EndProject
Project("{FAE04EC0-301F-11D3-BF4B-00C04F79EFBC}") = "RemoteControlCompetition", "remote-control-competition\RemoteControlCompetition.csproj", "{158ABDEF-62D6-433D-A868-53EFD792FB30}"
EndProject
Project("{FAE04EC0-301F-11D3-BF4B-00C04F79EFBC}") = "SimpleLinkedList", "simple-linked-list\SimpleLinkedList.csproj", "{E494A11F-0A4E-45E2-A6C5-CF6C6D21EE97}"
EndProject
Project("{FAE04EC0-301F-11D3-BF4B-00C04F79EFBC}") = "HighScores", "high-scores\HighScores.csproj", "{1E477CD6-6713-4C73-9EFE-C8594D737317}"
EndProject
Project("{FAE04EC0-301F-11D3-BF4B-00C04F79EFBC}") = "GradeSchool", "grade-school\GradeSchool.csproj", "{346F113B-88C7-414A-9144-AFC2F6282FC0}"
EndProject
Project("{FAE04EC0-301F-11D3-BF4B-00C04F79EFBC}") = "Poker", "poker\Poker.csproj", "{B183F433-1E39-4C09-B17F-E9AE0C6F48E0}"
EndProject
Global
	GlobalSection(SolutionConfigurationPlatforms) = preSolution
		Debug|Any CPU = Debug|Any CPU
		Release|Any CPU = Release|Any CPU
	EndGlobalSection
	GlobalSection(ProjectConfigurationPlatforms) = postSolution
		{2E91ACE2-7E65-4743-8351-2628B7FD55E8}.Debug|Any CPU.ActiveCfg = Debug|Any CPU
		{2E91ACE2-7E65-4743-8351-2628B7FD55E8}.Debug|Any CPU.Build.0 = Debug|Any CPU
		{2E91ACE2-7E65-4743-8351-2628B7FD55E8}.Release|Any CPU.ActiveCfg = Release|Any CPU
		{2E91ACE2-7E65-4743-8351-2628B7FD55E8}.Release|Any CPU.Build.0 = Release|Any CPU
		{0FED4CE2-C1BE-4405-9245-95220A64EEFB}.Debug|Any CPU.ActiveCfg = Debug|Any CPU
		{0FED4CE2-C1BE-4405-9245-95220A64EEFB}.Debug|Any CPU.Build.0 = Debug|Any CPU
		{0FED4CE2-C1BE-4405-9245-95220A64EEFB}.Release|Any CPU.ActiveCfg = Release|Any CPU
		{0FED4CE2-C1BE-4405-9245-95220A64EEFB}.Release|Any CPU.Build.0 = Release|Any CPU
		{5B43BAAC-8F8D-4CE0-A027-9D8316369B2C}.Debug|Any CPU.ActiveCfg = Debug|Any CPU
		{5B43BAAC-8F8D-4CE0-A027-9D8316369B2C}.Debug|Any CPU.Build.0 = Debug|Any CPU
		{5B43BAAC-8F8D-4CE0-A027-9D8316369B2C}.Release|Any CPU.ActiveCfg = Release|Any CPU
		{5B43BAAC-8F8D-4CE0-A027-9D8316369B2C}.Release|Any CPU.Build.0 = Release|Any CPU
		{29512AB8-F9DF-4980-8AFA-DA77E5E355BF}.Debug|Any CPU.ActiveCfg = Debug|Any CPU
		{29512AB8-F9DF-4980-8AFA-DA77E5E355BF}.Debug|Any CPU.Build.0 = Debug|Any CPU
		{29512AB8-F9DF-4980-8AFA-DA77E5E355BF}.Release|Any CPU.ActiveCfg = Release|Any CPU
		{29512AB8-F9DF-4980-8AFA-DA77E5E355BF}.Release|Any CPU.Build.0 = Release|Any CPU
		{AFB9CB9D-5C25-483A-802D-F1CFD57785BB}.Debug|Any CPU.ActiveCfg = Debug|Any CPU
		{AFB9CB9D-5C25-483A-802D-F1CFD57785BB}.Debug|Any CPU.Build.0 = Debug|Any CPU
		{AFB9CB9D-5C25-483A-802D-F1CFD57785BB}.Release|Any CPU.ActiveCfg = Release|Any CPU
		{AFB9CB9D-5C25-483A-802D-F1CFD57785BB}.Release|Any CPU.Build.0 = Release|Any CPU
		{C8C8738C-3C3E-4EE4-B9C9-E650D454FDAA}.Debug|Any CPU.ActiveCfg = Debug|Any CPU
		{C8C8738C-3C3E-4EE4-B9C9-E650D454FDAA}.Debug|Any CPU.Build.0 = Debug|Any CPU
		{C8C8738C-3C3E-4EE4-B9C9-E650D454FDAA}.Release|Any CPU.ActiveCfg = Release|Any CPU
		{C8C8738C-3C3E-4EE4-B9C9-E650D454FDAA}.Release|Any CPU.Build.0 = Release|Any CPU
		{D0376F19-B074-412F-8088-CCCD86E910CD}.Debug|Any CPU.ActiveCfg = Debug|Any CPU
		{D0376F19-B074-412F-8088-CCCD86E910CD}.Debug|Any CPU.Build.0 = Debug|Any CPU
		{D0376F19-B074-412F-8088-CCCD86E910CD}.Release|Any CPU.ActiveCfg = Release|Any CPU
		{D0376F19-B074-412F-8088-CCCD86E910CD}.Release|Any CPU.Build.0 = Release|Any CPU
		{2475E59C-0B4B-4735-9309-4DE87923164C}.Debug|Any CPU.ActiveCfg = Debug|Any CPU
		{2475E59C-0B4B-4735-9309-4DE87923164C}.Debug|Any CPU.Build.0 = Debug|Any CPU
		{2475E59C-0B4B-4735-9309-4DE87923164C}.Release|Any CPU.ActiveCfg = Release|Any CPU
		{2475E59C-0B4B-4735-9309-4DE87923164C}.Release|Any CPU.Build.0 = Release|Any CPU
		{DF3EBD9F-6C64-4172-AC65-146C8C4F8DD0}.Debug|Any CPU.ActiveCfg = Debug|Any CPU
		{DF3EBD9F-6C64-4172-AC65-146C8C4F8DD0}.Debug|Any CPU.Build.0 = Debug|Any CPU
		{DF3EBD9F-6C64-4172-AC65-146C8C4F8DD0}.Release|Any CPU.ActiveCfg = Release|Any CPU
		{DF3EBD9F-6C64-4172-AC65-146C8C4F8DD0}.Release|Any CPU.Build.0 = Release|Any CPU
		{8D694C9E-EEF7-438B-BB55-BF0386FA3837}.Debug|Any CPU.ActiveCfg = Debug|Any CPU
		{8D694C9E-EEF7-438B-BB55-BF0386FA3837}.Debug|Any CPU.Build.0 = Debug|Any CPU
		{8D694C9E-EEF7-438B-BB55-BF0386FA3837}.Release|Any CPU.ActiveCfg = Release|Any CPU
		{8D694C9E-EEF7-438B-BB55-BF0386FA3837}.Release|Any CPU.Build.0 = Release|Any CPU
		{6979BA5F-A0CB-4EC8-A9CE-9B5803F2C5E6}.Debug|Any CPU.ActiveCfg = Debug|Any CPU
		{6979BA5F-A0CB-4EC8-A9CE-9B5803F2C5E6}.Debug|Any CPU.Build.0 = Debug|Any CPU
		{6979BA5F-A0CB-4EC8-A9CE-9B5803F2C5E6}.Release|Any CPU.ActiveCfg = Release|Any CPU
		{6979BA5F-A0CB-4EC8-A9CE-9B5803F2C5E6}.Release|Any CPU.Build.0 = Release|Any CPU
		{64AC9056-EDF5-45E3-BBD1-3338F73DFC7F}.Debug|Any CPU.ActiveCfg = Debug|Any CPU
		{64AC9056-EDF5-45E3-BBD1-3338F73DFC7F}.Debug|Any CPU.Build.0 = Debug|Any CPU
		{64AC9056-EDF5-45E3-BBD1-3338F73DFC7F}.Release|Any CPU.ActiveCfg = Release|Any CPU
		{64AC9056-EDF5-45E3-BBD1-3338F73DFC7F}.Release|Any CPU.Build.0 = Release|Any CPU
		{751819FD-9AB5-446D-A0C3-D6EE18CA3F64}.Debug|Any CPU.ActiveCfg = Debug|Any CPU
		{751819FD-9AB5-446D-A0C3-D6EE18CA3F64}.Debug|Any CPU.Build.0 = Debug|Any CPU
		{751819FD-9AB5-446D-A0C3-D6EE18CA3F64}.Release|Any CPU.ActiveCfg = Release|Any CPU
		{751819FD-9AB5-446D-A0C3-D6EE18CA3F64}.Release|Any CPU.Build.0 = Release|Any CPU
		{AEB5B7E1-3186-43F5-BCD3-80128D7384AD}.Debug|Any CPU.ActiveCfg = Debug|Any CPU
		{AEB5B7E1-3186-43F5-BCD3-80128D7384AD}.Debug|Any CPU.Build.0 = Debug|Any CPU
		{AEB5B7E1-3186-43F5-BCD3-80128D7384AD}.Release|Any CPU.ActiveCfg = Release|Any CPU
		{AEB5B7E1-3186-43F5-BCD3-80128D7384AD}.Release|Any CPU.Build.0 = Release|Any CPU
		{FFB6F058-F71D-4FEF-8433-3C0923C8A747}.Debug|Any CPU.ActiveCfg = Debug|Any CPU
		{FFB6F058-F71D-4FEF-8433-3C0923C8A747}.Debug|Any CPU.Build.0 = Debug|Any CPU
		{FFB6F058-F71D-4FEF-8433-3C0923C8A747}.Release|Any CPU.ActiveCfg = Release|Any CPU
		{FFB6F058-F71D-4FEF-8433-3C0923C8A747}.Release|Any CPU.Build.0 = Release|Any CPU
		{D7471E44-E3AF-4B2A-99D7-464F17343BA8}.Debug|Any CPU.ActiveCfg = Debug|Any CPU
		{D7471E44-E3AF-4B2A-99D7-464F17343BA8}.Debug|Any CPU.Build.0 = Debug|Any CPU
		{D7471E44-E3AF-4B2A-99D7-464F17343BA8}.Release|Any CPU.ActiveCfg = Release|Any CPU
		{D7471E44-E3AF-4B2A-99D7-464F17343BA8}.Release|Any CPU.Build.0 = Release|Any CPU
		{A4334AD6-1C38-4768-A49C-1FD9FE7EACD1}.Debug|Any CPU.ActiveCfg = Debug|Any CPU
		{A4334AD6-1C38-4768-A49C-1FD9FE7EACD1}.Debug|Any CPU.Build.0 = Debug|Any CPU
		{A4334AD6-1C38-4768-A49C-1FD9FE7EACD1}.Release|Any CPU.ActiveCfg = Release|Any CPU
		{A4334AD6-1C38-4768-A49C-1FD9FE7EACD1}.Release|Any CPU.Build.0 = Release|Any CPU
		{C216FFCC-06B1-4A7A-B63E-08B3DDBC1567}.Debug|Any CPU.ActiveCfg = Debug|Any CPU
		{C216FFCC-06B1-4A7A-B63E-08B3DDBC1567}.Debug|Any CPU.Build.0 = Debug|Any CPU
		{C216FFCC-06B1-4A7A-B63E-08B3DDBC1567}.Release|Any CPU.ActiveCfg = Release|Any CPU
		{C216FFCC-06B1-4A7A-B63E-08B3DDBC1567}.Release|Any CPU.Build.0 = Release|Any CPU
		{A4577FCD-CD79-4652-B27E-1A2AAD3B5569}.Debug|Any CPU.ActiveCfg = Debug|Any CPU
		{A4577FCD-CD79-4652-B27E-1A2AAD3B5569}.Debug|Any CPU.Build.0 = Debug|Any CPU
		{A4577FCD-CD79-4652-B27E-1A2AAD3B5569}.Release|Any CPU.ActiveCfg = Release|Any CPU
		{A4577FCD-CD79-4652-B27E-1A2AAD3B5569}.Release|Any CPU.Build.0 = Release|Any CPU
		{D40315F4-FCAE-468E-BE0A-24EB24B80D60}.Debug|Any CPU.ActiveCfg = Debug|Any CPU
		{D40315F4-FCAE-468E-BE0A-24EB24B80D60}.Debug|Any CPU.Build.0 = Debug|Any CPU
		{D40315F4-FCAE-468E-BE0A-24EB24B80D60}.Release|Any CPU.ActiveCfg = Release|Any CPU
		{D40315F4-FCAE-468E-BE0A-24EB24B80D60}.Release|Any CPU.Build.0 = Release|Any CPU
		{57795D73-6A9E-4BA7-8A15-16529C03701C}.Debug|Any CPU.ActiveCfg = Debug|Any CPU
		{57795D73-6A9E-4BA7-8A15-16529C03701C}.Debug|Any CPU.Build.0 = Debug|Any CPU
		{57795D73-6A9E-4BA7-8A15-16529C03701C}.Release|Any CPU.ActiveCfg = Release|Any CPU
		{57795D73-6A9E-4BA7-8A15-16529C03701C}.Release|Any CPU.Build.0 = Release|Any CPU
		{E77882FB-073E-4515-AF57-016C69940329}.Debug|Any CPU.ActiveCfg = Debug|Any CPU
		{E77882FB-073E-4515-AF57-016C69940329}.Debug|Any CPU.Build.0 = Debug|Any CPU
		{E77882FB-073E-4515-AF57-016C69940329}.Release|Any CPU.ActiveCfg = Release|Any CPU
		{E77882FB-073E-4515-AF57-016C69940329}.Release|Any CPU.Build.0 = Release|Any CPU
		{F39544F0-2FCE-465D-A009-E02C676E1EA7}.Debug|Any CPU.ActiveCfg = Debug|Any CPU
		{F39544F0-2FCE-465D-A009-E02C676E1EA7}.Debug|Any CPU.Build.0 = Debug|Any CPU
		{F39544F0-2FCE-465D-A009-E02C676E1EA7}.Release|Any CPU.ActiveCfg = Release|Any CPU
		{F39544F0-2FCE-465D-A009-E02C676E1EA7}.Release|Any CPU.Build.0 = Release|Any CPU
		{9206CF20-6F49-4B81-B57A-590DD0ABBDE4}.Debug|Any CPU.ActiveCfg = Debug|Any CPU
		{9206CF20-6F49-4B81-B57A-590DD0ABBDE4}.Debug|Any CPU.Build.0 = Debug|Any CPU
		{9206CF20-6F49-4B81-B57A-590DD0ABBDE4}.Release|Any CPU.ActiveCfg = Release|Any CPU
		{9206CF20-6F49-4B81-B57A-590DD0ABBDE4}.Release|Any CPU.Build.0 = Release|Any CPU
		{7DBB145A-1F28-4082-A446-F5C5A0DB0544}.Debug|Any CPU.ActiveCfg = Debug|Any CPU
		{7DBB145A-1F28-4082-A446-F5C5A0DB0544}.Debug|Any CPU.Build.0 = Debug|Any CPU
		{7DBB145A-1F28-4082-A446-F5C5A0DB0544}.Release|Any CPU.ActiveCfg = Release|Any CPU
		{7DBB145A-1F28-4082-A446-F5C5A0DB0544}.Release|Any CPU.Build.0 = Release|Any CPU
		{CE1A48AA-35DA-4C17-B63E-EB606E9D319F}.Debug|Any CPU.ActiveCfg = Debug|Any CPU
		{CE1A48AA-35DA-4C17-B63E-EB606E9D319F}.Debug|Any CPU.Build.0 = Debug|Any CPU
		{CE1A48AA-35DA-4C17-B63E-EB606E9D319F}.Release|Any CPU.ActiveCfg = Release|Any CPU
		{CE1A48AA-35DA-4C17-B63E-EB606E9D319F}.Release|Any CPU.Build.0 = Release|Any CPU
		{1B8AF445-0B18-49F1-AAA9-BFDFD89447C6}.Debug|Any CPU.ActiveCfg = Debug|Any CPU
		{1B8AF445-0B18-49F1-AAA9-BFDFD89447C6}.Debug|Any CPU.Build.0 = Debug|Any CPU
		{1B8AF445-0B18-49F1-AAA9-BFDFD89447C6}.Release|Any CPU.ActiveCfg = Release|Any CPU
		{1B8AF445-0B18-49F1-AAA9-BFDFD89447C6}.Release|Any CPU.Build.0 = Release|Any CPU
		{44EBCC6E-1A77-4032-B387-640B9E047BDE}.Debug|Any CPU.ActiveCfg = Debug|Any CPU
		{44EBCC6E-1A77-4032-B387-640B9E047BDE}.Debug|Any CPU.Build.0 = Debug|Any CPU
		{44EBCC6E-1A77-4032-B387-640B9E047BDE}.Release|Any CPU.ActiveCfg = Release|Any CPU
		{44EBCC6E-1A77-4032-B387-640B9E047BDE}.Release|Any CPU.Build.0 = Release|Any CPU
		{10907966-D6C3-4EA7-B47E-90F5C9D37F14}.Debug|Any CPU.ActiveCfg = Debug|Any CPU
		{10907966-D6C3-4EA7-B47E-90F5C9D37F14}.Debug|Any CPU.Build.0 = Debug|Any CPU
		{10907966-D6C3-4EA7-B47E-90F5C9D37F14}.Release|Any CPU.ActiveCfg = Release|Any CPU
		{10907966-D6C3-4EA7-B47E-90F5C9D37F14}.Release|Any CPU.Build.0 = Release|Any CPU
		{5E913622-55CE-45E1-B6D5-F2AF0817D7EB}.Debug|Any CPU.ActiveCfg = Debug|Any CPU
		{5E913622-55CE-45E1-B6D5-F2AF0817D7EB}.Debug|Any CPU.Build.0 = Debug|Any CPU
		{5E913622-55CE-45E1-B6D5-F2AF0817D7EB}.Release|Any CPU.ActiveCfg = Release|Any CPU
		{5E913622-55CE-45E1-B6D5-F2AF0817D7EB}.Release|Any CPU.Build.0 = Release|Any CPU
		{248D16E9-75B4-465F-A0D1-5A3969FE3B06}.Debug|Any CPU.ActiveCfg = Debug|Any CPU
		{248D16E9-75B4-465F-A0D1-5A3969FE3B06}.Debug|Any CPU.Build.0 = Debug|Any CPU
		{248D16E9-75B4-465F-A0D1-5A3969FE3B06}.Release|Any CPU.ActiveCfg = Release|Any CPU
		{248D16E9-75B4-465F-A0D1-5A3969FE3B06}.Release|Any CPU.Build.0 = Release|Any CPU
		{23808E27-BB52-4BEE-9B71-22C5C4BD19D6}.Debug|Any CPU.ActiveCfg = Debug|Any CPU
		{23808E27-BB52-4BEE-9B71-22C5C4BD19D6}.Debug|Any CPU.Build.0 = Debug|Any CPU
		{23808E27-BB52-4BEE-9B71-22C5C4BD19D6}.Release|Any CPU.ActiveCfg = Release|Any CPU
		{23808E27-BB52-4BEE-9B71-22C5C4BD19D6}.Release|Any CPU.Build.0 = Release|Any CPU
		{A9A0A4CC-371E-49E5-96D4-79672617D278}.Debug|Any CPU.ActiveCfg = Debug|Any CPU
		{A9A0A4CC-371E-49E5-96D4-79672617D278}.Debug|Any CPU.Build.0 = Debug|Any CPU
		{A9A0A4CC-371E-49E5-96D4-79672617D278}.Release|Any CPU.ActiveCfg = Release|Any CPU
		{A9A0A4CC-371E-49E5-96D4-79672617D278}.Release|Any CPU.Build.0 = Release|Any CPU
		{1AF30D05-63E8-4E28-AF0C-DE4C7B724EA1}.Debug|Any CPU.ActiveCfg = Debug|Any CPU
		{1AF30D05-63E8-4E28-AF0C-DE4C7B724EA1}.Debug|Any CPU.Build.0 = Debug|Any CPU
		{1AF30D05-63E8-4E28-AF0C-DE4C7B724EA1}.Release|Any CPU.ActiveCfg = Release|Any CPU
		{1AF30D05-63E8-4E28-AF0C-DE4C7B724EA1}.Release|Any CPU.Build.0 = Release|Any CPU
		{D1C23C3B-71C8-45D2-8353-1A16FEE061B7}.Debug|Any CPU.ActiveCfg = Debug|Any CPU
		{D1C23C3B-71C8-45D2-8353-1A16FEE061B7}.Debug|Any CPU.Build.0 = Debug|Any CPU
		{D1C23C3B-71C8-45D2-8353-1A16FEE061B7}.Release|Any CPU.ActiveCfg = Release|Any CPU
		{D1C23C3B-71C8-45D2-8353-1A16FEE061B7}.Release|Any CPU.Build.0 = Release|Any CPU
		{FD2A6038-1EE0-4F0A-AA36-1A8E7E9AA95F}.Debug|Any CPU.ActiveCfg = Debug|Any CPU
		{FD2A6038-1EE0-4F0A-AA36-1A8E7E9AA95F}.Debug|Any CPU.Build.0 = Debug|Any CPU
		{FD2A6038-1EE0-4F0A-AA36-1A8E7E9AA95F}.Release|Any CPU.ActiveCfg = Release|Any CPU
		{FD2A6038-1EE0-4F0A-AA36-1A8E7E9AA95F}.Release|Any CPU.Build.0 = Release|Any CPU
		{C4F73B99-823F-491A-8833-84EE9ADB8EB6}.Debug|Any CPU.ActiveCfg = Debug|Any CPU
		{C4F73B99-823F-491A-8833-84EE9ADB8EB6}.Debug|Any CPU.Build.0 = Debug|Any CPU
		{C4F73B99-823F-491A-8833-84EE9ADB8EB6}.Release|Any CPU.ActiveCfg = Release|Any CPU
		{C4F73B99-823F-491A-8833-84EE9ADB8EB6}.Release|Any CPU.Build.0 = Release|Any CPU
		{DAFA0BE7-0CD6-4E34-ABF3-9C0DE4CA9AC2}.Debug|Any CPU.ActiveCfg = Debug|Any CPU
		{DAFA0BE7-0CD6-4E34-ABF3-9C0DE4CA9AC2}.Debug|Any CPU.Build.0 = Debug|Any CPU
		{DAFA0BE7-0CD6-4E34-ABF3-9C0DE4CA9AC2}.Release|Any CPU.ActiveCfg = Release|Any CPU
		{DAFA0BE7-0CD6-4E34-ABF3-9C0DE4CA9AC2}.Release|Any CPU.Build.0 = Release|Any CPU
		{9C28E7D2-B6F1-4016-AF2E-BD39538742ED}.Debug|Any CPU.ActiveCfg = Debug|Any CPU
		{9C28E7D2-B6F1-4016-AF2E-BD39538742ED}.Debug|Any CPU.Build.0 = Debug|Any CPU
		{9C28E7D2-B6F1-4016-AF2E-BD39538742ED}.Release|Any CPU.ActiveCfg = Release|Any CPU
		{9C28E7D2-B6F1-4016-AF2E-BD39538742ED}.Release|Any CPU.Build.0 = Release|Any CPU
		{FC101A8A-DF17-498C-8E0D-AD5551263101}.Debug|Any CPU.ActiveCfg = Debug|Any CPU
		{FC101A8A-DF17-498C-8E0D-AD5551263101}.Debug|Any CPU.Build.0 = Debug|Any CPU
		{FC101A8A-DF17-498C-8E0D-AD5551263101}.Release|Any CPU.ActiveCfg = Release|Any CPU
		{FC101A8A-DF17-498C-8E0D-AD5551263101}.Release|Any CPU.Build.0 = Release|Any CPU
		{ADBECFD3-C609-4CAE-A7C5-C85F4139EF32}.Debug|Any CPU.ActiveCfg = Debug|Any CPU
		{ADBECFD3-C609-4CAE-A7C5-C85F4139EF32}.Debug|Any CPU.Build.0 = Debug|Any CPU
		{ADBECFD3-C609-4CAE-A7C5-C85F4139EF32}.Release|Any CPU.ActiveCfg = Release|Any CPU
		{ADBECFD3-C609-4CAE-A7C5-C85F4139EF32}.Release|Any CPU.Build.0 = Release|Any CPU
		{B73140AA-1EFD-4D3F-95AA-EC77E27465B5}.Debug|Any CPU.ActiveCfg = Debug|Any CPU
		{B73140AA-1EFD-4D3F-95AA-EC77E27465B5}.Debug|Any CPU.Build.0 = Debug|Any CPU
		{B73140AA-1EFD-4D3F-95AA-EC77E27465B5}.Release|Any CPU.ActiveCfg = Release|Any CPU
		{B73140AA-1EFD-4D3F-95AA-EC77E27465B5}.Release|Any CPU.Build.0 = Release|Any CPU
		{7640467D-A82C-4A50-97DD-D12E56B72B50}.Debug|Any CPU.ActiveCfg = Debug|Any CPU
		{7640467D-A82C-4A50-97DD-D12E56B72B50}.Debug|Any CPU.Build.0 = Debug|Any CPU
		{7640467D-A82C-4A50-97DD-D12E56B72B50}.Release|Any CPU.ActiveCfg = Release|Any CPU
		{7640467D-A82C-4A50-97DD-D12E56B72B50}.Release|Any CPU.Build.0 = Release|Any CPU
		{5FA680CC-2BE5-4E52-BDF3-3FB9697F08B2}.Debug|Any CPU.ActiveCfg = Debug|Any CPU
		{5FA680CC-2BE5-4E52-BDF3-3FB9697F08B2}.Debug|Any CPU.Build.0 = Debug|Any CPU
		{5FA680CC-2BE5-4E52-BDF3-3FB9697F08B2}.Release|Any CPU.ActiveCfg = Release|Any CPU
		{5FA680CC-2BE5-4E52-BDF3-3FB9697F08B2}.Release|Any CPU.Build.0 = Release|Any CPU
		{79631ACD-AE48-4756-A95F-1218999B53EB}.Debug|Any CPU.ActiveCfg = Debug|Any CPU
		{79631ACD-AE48-4756-A95F-1218999B53EB}.Debug|Any CPU.Build.0 = Debug|Any CPU
		{79631ACD-AE48-4756-A95F-1218999B53EB}.Release|Any CPU.ActiveCfg = Release|Any CPU
		{79631ACD-AE48-4756-A95F-1218999B53EB}.Release|Any CPU.Build.0 = Release|Any CPU
		{539EC57B-55C5-401E-BD82-C9C2F3D63ACE}.Debug|Any CPU.ActiveCfg = Debug|Any CPU
		{539EC57B-55C5-401E-BD82-C9C2F3D63ACE}.Debug|Any CPU.Build.0 = Debug|Any CPU
		{539EC57B-55C5-401E-BD82-C9C2F3D63ACE}.Release|Any CPU.ActiveCfg = Release|Any CPU
		{539EC57B-55C5-401E-BD82-C9C2F3D63ACE}.Release|Any CPU.Build.0 = Release|Any CPU
		{35562E31-5284-41C0-936F-95D8F2DEA4B0}.Debug|Any CPU.ActiveCfg = Debug|Any CPU
		{35562E31-5284-41C0-936F-95D8F2DEA4B0}.Debug|Any CPU.Build.0 = Debug|Any CPU
		{35562E31-5284-41C0-936F-95D8F2DEA4B0}.Release|Any CPU.ActiveCfg = Release|Any CPU
		{35562E31-5284-41C0-936F-95D8F2DEA4B0}.Release|Any CPU.Build.0 = Release|Any CPU
		{9C6F1A9B-FA00-4AD1-B231-0CA2E2D61A82}.Debug|Any CPU.ActiveCfg = Debug|Any CPU
		{9C6F1A9B-FA00-4AD1-B231-0CA2E2D61A82}.Debug|Any CPU.Build.0 = Debug|Any CPU
		{9C6F1A9B-FA00-4AD1-B231-0CA2E2D61A82}.Release|Any CPU.ActiveCfg = Release|Any CPU
		{9C6F1A9B-FA00-4AD1-B231-0CA2E2D61A82}.Release|Any CPU.Build.0 = Release|Any CPU
		{E5E19C8E-A339-4D78-B459-4395415411AC}.Debug|Any CPU.ActiveCfg = Debug|Any CPU
		{E5E19C8E-A339-4D78-B459-4395415411AC}.Debug|Any CPU.Build.0 = Debug|Any CPU
		{E5E19C8E-A339-4D78-B459-4395415411AC}.Release|Any CPU.ActiveCfg = Release|Any CPU
		{E5E19C8E-A339-4D78-B459-4395415411AC}.Release|Any CPU.Build.0 = Release|Any CPU
		{654EF880-D517-40AA-9697-9488BFB435FB}.Debug|Any CPU.ActiveCfg = Debug|Any CPU
		{654EF880-D517-40AA-9697-9488BFB435FB}.Debug|Any CPU.Build.0 = Debug|Any CPU
		{654EF880-D517-40AA-9697-9488BFB435FB}.Release|Any CPU.ActiveCfg = Release|Any CPU
		{654EF880-D517-40AA-9697-9488BFB435FB}.Release|Any CPU.Build.0 = Release|Any CPU
		{E1DBB743-28DA-4DF0-83D8-EAC3E8AF35F6}.Debug|Any CPU.ActiveCfg = Debug|Any CPU
		{E1DBB743-28DA-4DF0-83D8-EAC3E8AF35F6}.Debug|Any CPU.Build.0 = Debug|Any CPU
		{E1DBB743-28DA-4DF0-83D8-EAC3E8AF35F6}.Release|Any CPU.ActiveCfg = Release|Any CPU
		{E1DBB743-28DA-4DF0-83D8-EAC3E8AF35F6}.Release|Any CPU.Build.0 = Release|Any CPU
		{22B5FDDF-4B7C-4AB8-A1BD-B793D240693C}.Debug|Any CPU.ActiveCfg = Debug|Any CPU
		{22B5FDDF-4B7C-4AB8-A1BD-B793D240693C}.Debug|Any CPU.Build.0 = Debug|Any CPU
		{22B5FDDF-4B7C-4AB8-A1BD-B793D240693C}.Release|Any CPU.ActiveCfg = Release|Any CPU
		{22B5FDDF-4B7C-4AB8-A1BD-B793D240693C}.Release|Any CPU.Build.0 = Release|Any CPU
		{735CA2D0-756F-49E5-8A49-80FDD186B4AC}.Debug|Any CPU.ActiveCfg = Debug|Any CPU
		{735CA2D0-756F-49E5-8A49-80FDD186B4AC}.Debug|Any CPU.Build.0 = Debug|Any CPU
		{735CA2D0-756F-49E5-8A49-80FDD186B4AC}.Release|Any CPU.ActiveCfg = Release|Any CPU
		{735CA2D0-756F-49E5-8A49-80FDD186B4AC}.Release|Any CPU.Build.0 = Release|Any CPU
		{E1CCB77F-C79B-42C7-A81C-CC38278BC815}.Debug|Any CPU.ActiveCfg = Debug|Any CPU
		{E1CCB77F-C79B-42C7-A81C-CC38278BC815}.Debug|Any CPU.Build.0 = Debug|Any CPU
		{E1CCB77F-C79B-42C7-A81C-CC38278BC815}.Release|Any CPU.ActiveCfg = Release|Any CPU
		{E1CCB77F-C79B-42C7-A81C-CC38278BC815}.Release|Any CPU.Build.0 = Release|Any CPU
		{1D1BEEC4-F515-4303-9E5D-2851B5672F9D}.Debug|Any CPU.ActiveCfg = Debug|Any CPU
		{1D1BEEC4-F515-4303-9E5D-2851B5672F9D}.Debug|Any CPU.Build.0 = Debug|Any CPU
		{1D1BEEC4-F515-4303-9E5D-2851B5672F9D}.Release|Any CPU.ActiveCfg = Release|Any CPU
		{1D1BEEC4-F515-4303-9E5D-2851B5672F9D}.Release|Any CPU.Build.0 = Release|Any CPU
		{7FF6FA71-BEEA-46D7-87A7-9391FABD5F3E}.Debug|Any CPU.ActiveCfg = Debug|Any CPU
		{7FF6FA71-BEEA-46D7-87A7-9391FABD5F3E}.Debug|Any CPU.Build.0 = Debug|Any CPU
		{7FF6FA71-BEEA-46D7-87A7-9391FABD5F3E}.Release|Any CPU.ActiveCfg = Release|Any CPU
		{7FF6FA71-BEEA-46D7-87A7-9391FABD5F3E}.Release|Any CPU.Build.0 = Release|Any CPU
		{63BDBBC3-DB02-4F49-87F4-E9309C14C048}.Debug|Any CPU.ActiveCfg = Debug|Any CPU
		{63BDBBC3-DB02-4F49-87F4-E9309C14C048}.Debug|Any CPU.Build.0 = Debug|Any CPU
		{63BDBBC3-DB02-4F49-87F4-E9309C14C048}.Release|Any CPU.ActiveCfg = Release|Any CPU
		{63BDBBC3-DB02-4F49-87F4-E9309C14C048}.Release|Any CPU.Build.0 = Release|Any CPU
		{EDF8185B-34FC-4DEF-8BA0-1941B77E9180}.Debug|Any CPU.ActiveCfg = Debug|Any CPU
		{EDF8185B-34FC-4DEF-8BA0-1941B77E9180}.Debug|Any CPU.Build.0 = Debug|Any CPU
		{EDF8185B-34FC-4DEF-8BA0-1941B77E9180}.Release|Any CPU.ActiveCfg = Release|Any CPU
		{EDF8185B-34FC-4DEF-8BA0-1941B77E9180}.Release|Any CPU.Build.0 = Release|Any CPU
		{AFA5B134-D853-4741-8B6B-CF9C84464365}.Debug|Any CPU.ActiveCfg = Debug|Any CPU
		{AFA5B134-D853-4741-8B6B-CF9C84464365}.Debug|Any CPU.Build.0 = Debug|Any CPU
		{AFA5B134-D853-4741-8B6B-CF9C84464365}.Release|Any CPU.ActiveCfg = Release|Any CPU
		{AFA5B134-D853-4741-8B6B-CF9C84464365}.Release|Any CPU.Build.0 = Release|Any CPU
		{4D6C7363-A2F3-4ADD-BD6C-EA1DD4BED3FF}.Debug|Any CPU.ActiveCfg = Debug|Any CPU
		{4D6C7363-A2F3-4ADD-BD6C-EA1DD4BED3FF}.Debug|Any CPU.Build.0 = Debug|Any CPU
		{4D6C7363-A2F3-4ADD-BD6C-EA1DD4BED3FF}.Release|Any CPU.ActiveCfg = Release|Any CPU
		{4D6C7363-A2F3-4ADD-BD6C-EA1DD4BED3FF}.Release|Any CPU.Build.0 = Release|Any CPU
		{2C3FE841-E0B8-4FA1-9978-34682FA97ABA}.Debug|Any CPU.ActiveCfg = Debug|Any CPU
		{2C3FE841-E0B8-4FA1-9978-34682FA97ABA}.Debug|Any CPU.Build.0 = Debug|Any CPU
		{2C3FE841-E0B8-4FA1-9978-34682FA97ABA}.Release|Any CPU.ActiveCfg = Release|Any CPU
		{2C3FE841-E0B8-4FA1-9978-34682FA97ABA}.Release|Any CPU.Build.0 = Release|Any CPU
		{ACA1A22C-98E8-4F9A-BB3B-38D67D95B6BD}.Debug|Any CPU.ActiveCfg = Debug|Any CPU
		{ACA1A22C-98E8-4F9A-BB3B-38D67D95B6BD}.Debug|Any CPU.Build.0 = Debug|Any CPU
		{ACA1A22C-98E8-4F9A-BB3B-38D67D95B6BD}.Release|Any CPU.ActiveCfg = Release|Any CPU
		{ACA1A22C-98E8-4F9A-BB3B-38D67D95B6BD}.Release|Any CPU.Build.0 = Release|Any CPU
		{6388FE10-2AAB-441F-B062-E14440732936}.Debug|Any CPU.ActiveCfg = Debug|Any CPU
		{6388FE10-2AAB-441F-B062-E14440732936}.Debug|Any CPU.Build.0 = Debug|Any CPU
		{6388FE10-2AAB-441F-B062-E14440732936}.Release|Any CPU.ActiveCfg = Release|Any CPU
		{6388FE10-2AAB-441F-B062-E14440732936}.Release|Any CPU.Build.0 = Release|Any CPU
		{C35A888B-792E-45AF-BB62-C8581D3F212A}.Debug|Any CPU.ActiveCfg = Debug|Any CPU
		{C35A888B-792E-45AF-BB62-C8581D3F212A}.Debug|Any CPU.Build.0 = Debug|Any CPU
		{C35A888B-792E-45AF-BB62-C8581D3F212A}.Release|Any CPU.ActiveCfg = Release|Any CPU
		{C35A888B-792E-45AF-BB62-C8581D3F212A}.Release|Any CPU.Build.0 = Release|Any CPU
		{A583DF7F-7054-4155-A3C6-0849F0F44DD9}.Debug|Any CPU.ActiveCfg = Debug|Any CPU
		{A583DF7F-7054-4155-A3C6-0849F0F44DD9}.Debug|Any CPU.Build.0 = Debug|Any CPU
		{A583DF7F-7054-4155-A3C6-0849F0F44DD9}.Release|Any CPU.ActiveCfg = Release|Any CPU
		{A583DF7F-7054-4155-A3C6-0849F0F44DD9}.Release|Any CPU.Build.0 = Release|Any CPU
		{9C49B638-65F8-406A-8F0D-DB0B163B4416}.Debug|Any CPU.ActiveCfg = Debug|Any CPU
		{9C49B638-65F8-406A-8F0D-DB0B163B4416}.Debug|Any CPU.Build.0 = Debug|Any CPU
		{9C49B638-65F8-406A-8F0D-DB0B163B4416}.Release|Any CPU.ActiveCfg = Release|Any CPU
		{9C49B638-65F8-406A-8F0D-DB0B163B4416}.Release|Any CPU.Build.0 = Release|Any CPU
		{ABA139F8-1004-471D-AC4F-C67CDE5D746B}.Debug|Any CPU.ActiveCfg = Debug|Any CPU
		{ABA139F8-1004-471D-AC4F-C67CDE5D746B}.Debug|Any CPU.Build.0 = Debug|Any CPU
		{ABA139F8-1004-471D-AC4F-C67CDE5D746B}.Release|Any CPU.ActiveCfg = Release|Any CPU
		{ABA139F8-1004-471D-AC4F-C67CDE5D746B}.Release|Any CPU.Build.0 = Release|Any CPU
		{EAC161D6-D274-4EAE-ABF1-DD84A806F7FD}.Debug|Any CPU.ActiveCfg = Debug|Any CPU
		{EAC161D6-D274-4EAE-ABF1-DD84A806F7FD}.Debug|Any CPU.Build.0 = Debug|Any CPU
		{EAC161D6-D274-4EAE-ABF1-DD84A806F7FD}.Release|Any CPU.ActiveCfg = Release|Any CPU
		{EAC161D6-D274-4EAE-ABF1-DD84A806F7FD}.Release|Any CPU.Build.0 = Release|Any CPU
		{BAADEBB8-542F-4ECD-8E3B-0BA4732FAE62}.Debug|Any CPU.ActiveCfg = Debug|Any CPU
		{BAADEBB8-542F-4ECD-8E3B-0BA4732FAE62}.Debug|Any CPU.Build.0 = Debug|Any CPU
		{BAADEBB8-542F-4ECD-8E3B-0BA4732FAE62}.Release|Any CPU.ActiveCfg = Release|Any CPU
		{BAADEBB8-542F-4ECD-8E3B-0BA4732FAE62}.Release|Any CPU.Build.0 = Release|Any CPU
		{9D96EA75-4434-4CF0-89B5-1844BBC434EA}.Debug|Any CPU.ActiveCfg = Debug|Any CPU
		{9D96EA75-4434-4CF0-89B5-1844BBC434EA}.Debug|Any CPU.Build.0 = Debug|Any CPU
		{9D96EA75-4434-4CF0-89B5-1844BBC434EA}.Release|Any CPU.ActiveCfg = Release|Any CPU
		{9D96EA75-4434-4CF0-89B5-1844BBC434EA}.Release|Any CPU.Build.0 = Release|Any CPU
		{E61567F3-7FED-4F79-A1F4-6D95EA860362}.Debug|Any CPU.ActiveCfg = Debug|Any CPU
		{E61567F3-7FED-4F79-A1F4-6D95EA860362}.Debug|Any CPU.Build.0 = Debug|Any CPU
		{E61567F3-7FED-4F79-A1F4-6D95EA860362}.Release|Any CPU.ActiveCfg = Release|Any CPU
		{E61567F3-7FED-4F79-A1F4-6D95EA860362}.Release|Any CPU.Build.0 = Release|Any CPU
		{496442E4-B126-4612-842D-D36033CE28F5}.Debug|Any CPU.ActiveCfg = Debug|Any CPU
		{496442E4-B126-4612-842D-D36033CE28F5}.Debug|Any CPU.Build.0 = Debug|Any CPU
		{496442E4-B126-4612-842D-D36033CE28F5}.Release|Any CPU.ActiveCfg = Release|Any CPU
		{496442E4-B126-4612-842D-D36033CE28F5}.Release|Any CPU.Build.0 = Release|Any CPU
		{5F847456-19F5-430C-9622-CA42EEC07B2C}.Debug|Any CPU.ActiveCfg = Debug|Any CPU
		{5F847456-19F5-430C-9622-CA42EEC07B2C}.Debug|Any CPU.Build.0 = Debug|Any CPU
		{5F847456-19F5-430C-9622-CA42EEC07B2C}.Release|Any CPU.ActiveCfg = Release|Any CPU
		{5F847456-19F5-430C-9622-CA42EEC07B2C}.Release|Any CPU.Build.0 = Release|Any CPU
		{EDFF7608-27A8-489C-9C64-39AB6E94B987}.Debug|Any CPU.ActiveCfg = Debug|Any CPU
		{EDFF7608-27A8-489C-9C64-39AB6E94B987}.Debug|Any CPU.Build.0 = Debug|Any CPU
		{EDFF7608-27A8-489C-9C64-39AB6E94B987}.Release|Any CPU.ActiveCfg = Release|Any CPU
		{EDFF7608-27A8-489C-9C64-39AB6E94B987}.Release|Any CPU.Build.0 = Release|Any CPU
		{5439A882-5897-41EC-8230-CA3D920A68E8}.Debug|Any CPU.ActiveCfg = Debug|Any CPU
		{5439A882-5897-41EC-8230-CA3D920A68E8}.Debug|Any CPU.Build.0 = Debug|Any CPU
		{5439A882-5897-41EC-8230-CA3D920A68E8}.Release|Any CPU.ActiveCfg = Release|Any CPU
		{5439A882-5897-41EC-8230-CA3D920A68E8}.Release|Any CPU.Build.0 = Release|Any CPU
		{41F63BAF-30DB-4D2F-BFE2-74A19346BB4B}.Debug|Any CPU.ActiveCfg = Debug|Any CPU
		{41F63BAF-30DB-4D2F-BFE2-74A19346BB4B}.Debug|Any CPU.Build.0 = Debug|Any CPU
		{41F63BAF-30DB-4D2F-BFE2-74A19346BB4B}.Release|Any CPU.ActiveCfg = Release|Any CPU
		{41F63BAF-30DB-4D2F-BFE2-74A19346BB4B}.Release|Any CPU.Build.0 = Release|Any CPU
		{DD4903B0-873B-42F1-B4A2-92B4C4E99A57}.Debug|Any CPU.ActiveCfg = Debug|Any CPU
		{DD4903B0-873B-42F1-B4A2-92B4C4E99A57}.Debug|Any CPU.Build.0 = Debug|Any CPU
		{DD4903B0-873B-42F1-B4A2-92B4C4E99A57}.Release|Any CPU.ActiveCfg = Release|Any CPU
		{DD4903B0-873B-42F1-B4A2-92B4C4E99A57}.Release|Any CPU.Build.0 = Release|Any CPU
		{0E058AD2-95F4-46EF-944F-33789CEC10C4}.Debug|Any CPU.ActiveCfg = Debug|Any CPU
		{0E058AD2-95F4-46EF-944F-33789CEC10C4}.Debug|Any CPU.Build.0 = Debug|Any CPU
		{0E058AD2-95F4-46EF-944F-33789CEC10C4}.Release|Any CPU.ActiveCfg = Release|Any CPU
		{0E058AD2-95F4-46EF-944F-33789CEC10C4}.Release|Any CPU.Build.0 = Release|Any CPU
		{6EFCB016-93D9-4C3A-8E11-06094E0B9DEC}.Debug|Any CPU.ActiveCfg = Debug|Any CPU
		{6EFCB016-93D9-4C3A-8E11-06094E0B9DEC}.Debug|Any CPU.Build.0 = Debug|Any CPU
		{6EFCB016-93D9-4C3A-8E11-06094E0B9DEC}.Release|Any CPU.ActiveCfg = Release|Any CPU
		{6EFCB016-93D9-4C3A-8E11-06094E0B9DEC}.Release|Any CPU.Build.0 = Release|Any CPU
		{38BF73D3-A5F3-4BAC-8E19-8CAE827AF664}.Debug|Any CPU.ActiveCfg = Debug|Any CPU
		{38BF73D3-A5F3-4BAC-8E19-8CAE827AF664}.Debug|Any CPU.Build.0 = Debug|Any CPU
		{38BF73D3-A5F3-4BAC-8E19-8CAE827AF664}.Release|Any CPU.ActiveCfg = Release|Any CPU
		{38BF73D3-A5F3-4BAC-8E19-8CAE827AF664}.Release|Any CPU.Build.0 = Release|Any CPU
		{991A0729-C8D5-4CD4-B3C7-8B818DB5E358}.Debug|Any CPU.ActiveCfg = Debug|Any CPU
		{991A0729-C8D5-4CD4-B3C7-8B818DB5E358}.Debug|Any CPU.Build.0 = Debug|Any CPU
		{991A0729-C8D5-4CD4-B3C7-8B818DB5E358}.Release|Any CPU.ActiveCfg = Release|Any CPU
		{991A0729-C8D5-4CD4-B3C7-8B818DB5E358}.Release|Any CPU.Build.0 = Release|Any CPU
		{3BAEA9AA-466A-4CAF-A5B2-A6E657B6AFE3}.Debug|Any CPU.ActiveCfg = Debug|Any CPU
		{3BAEA9AA-466A-4CAF-A5B2-A6E657B6AFE3}.Debug|Any CPU.Build.0 = Debug|Any CPU
		{3BAEA9AA-466A-4CAF-A5B2-A6E657B6AFE3}.Release|Any CPU.ActiveCfg = Release|Any CPU
		{3BAEA9AA-466A-4CAF-A5B2-A6E657B6AFE3}.Release|Any CPU.Build.0 = Release|Any CPU
		{5DA543A6-CCC4-4E14-A9EE-C13996C787AF}.Debug|Any CPU.ActiveCfg = Debug|Any CPU
		{5DA543A6-CCC4-4E14-A9EE-C13996C787AF}.Debug|Any CPU.Build.0 = Debug|Any CPU
		{5DA543A6-CCC4-4E14-A9EE-C13996C787AF}.Release|Any CPU.ActiveCfg = Release|Any CPU
		{5DA543A6-CCC4-4E14-A9EE-C13996C787AF}.Release|Any CPU.Build.0 = Release|Any CPU
		{BA6CCF66-3608-4C22-BA9D-E12B2F4914C7}.Debug|Any CPU.ActiveCfg = Debug|Any CPU
		{BA6CCF66-3608-4C22-BA9D-E12B2F4914C7}.Debug|Any CPU.Build.0 = Debug|Any CPU
		{BA6CCF66-3608-4C22-BA9D-E12B2F4914C7}.Release|Any CPU.ActiveCfg = Release|Any CPU
		{BA6CCF66-3608-4C22-BA9D-E12B2F4914C7}.Release|Any CPU.Build.0 = Release|Any CPU
		{ACD20D1A-592A-4DFC-B66A-FCA708583A3D}.Debug|Any CPU.ActiveCfg = Debug|Any CPU
		{ACD20D1A-592A-4DFC-B66A-FCA708583A3D}.Debug|Any CPU.Build.0 = Debug|Any CPU
		{ACD20D1A-592A-4DFC-B66A-FCA708583A3D}.Release|Any CPU.ActiveCfg = Release|Any CPU
		{ACD20D1A-592A-4DFC-B66A-FCA708583A3D}.Release|Any CPU.Build.0 = Release|Any CPU
		{18A53BAD-2662-4D4F-9301-2A079B9EA3D9}.Debug|Any CPU.ActiveCfg = Debug|Any CPU
		{18A53BAD-2662-4D4F-9301-2A079B9EA3D9}.Debug|Any CPU.Build.0 = Debug|Any CPU
		{18A53BAD-2662-4D4F-9301-2A079B9EA3D9}.Release|Any CPU.ActiveCfg = Release|Any CPU
		{18A53BAD-2662-4D4F-9301-2A079B9EA3D9}.Release|Any CPU.Build.0 = Release|Any CPU
		{32BC7E53-E403-4D72-9EA6-AEF4FD22D85A}.Debug|Any CPU.ActiveCfg = Debug|Any CPU
		{32BC7E53-E403-4D72-9EA6-AEF4FD22D85A}.Debug|Any CPU.Build.0 = Debug|Any CPU
		{32BC7E53-E403-4D72-9EA6-AEF4FD22D85A}.Release|Any CPU.ActiveCfg = Release|Any CPU
		{32BC7E53-E403-4D72-9EA6-AEF4FD22D85A}.Release|Any CPU.Build.0 = Release|Any CPU
		{05E74FFF-E75D-488E-8BC8-7AC5A8D1EBBF}.Debug|Any CPU.ActiveCfg = Debug|Any CPU
		{05E74FFF-E75D-488E-8BC8-7AC5A8D1EBBF}.Debug|Any CPU.Build.0 = Debug|Any CPU
		{05E74FFF-E75D-488E-8BC8-7AC5A8D1EBBF}.Release|Any CPU.ActiveCfg = Release|Any CPU
		{05E74FFF-E75D-488E-8BC8-7AC5A8D1EBBF}.Release|Any CPU.Build.0 = Release|Any CPU
		{F8FB81A3-BDA4-47B6-90DE-35FEFE34DBA4}.Debug|Any CPU.ActiveCfg = Debug|Any CPU
		{F8FB81A3-BDA4-47B6-90DE-35FEFE34DBA4}.Debug|Any CPU.Build.0 = Debug|Any CPU
		{F8FB81A3-BDA4-47B6-90DE-35FEFE34DBA4}.Release|Any CPU.ActiveCfg = Release|Any CPU
		{F8FB81A3-BDA4-47B6-90DE-35FEFE34DBA4}.Release|Any CPU.Build.0 = Release|Any CPU
		{0917B617-F943-46FF-B6E9-D1C5C1E144FB}.Debug|Any CPU.ActiveCfg = Debug|Any CPU
		{0917B617-F943-46FF-B6E9-D1C5C1E144FB}.Debug|Any CPU.Build.0 = Debug|Any CPU
		{0917B617-F943-46FF-B6E9-D1C5C1E144FB}.Release|Any CPU.ActiveCfg = Release|Any CPU
		{0917B617-F943-46FF-B6E9-D1C5C1E144FB}.Release|Any CPU.Build.0 = Release|Any CPU
		{991A2BA4-F4D0-486C-B557-CC656F4F751A}.Debug|Any CPU.ActiveCfg = Debug|Any CPU
		{991A2BA4-F4D0-486C-B557-CC656F4F751A}.Debug|Any CPU.Build.0 = Debug|Any CPU
		{991A2BA4-F4D0-486C-B557-CC656F4F751A}.Release|Any CPU.ActiveCfg = Release|Any CPU
		{991A2BA4-F4D0-486C-B557-CC656F4F751A}.Release|Any CPU.Build.0 = Release|Any CPU
		{0D05CA59-91F0-402E-9D13-97D55D842716}.Debug|Any CPU.ActiveCfg = Debug|Any CPU
		{0D05CA59-91F0-402E-9D13-97D55D842716}.Debug|Any CPU.Build.0 = Debug|Any CPU
		{0D05CA59-91F0-402E-9D13-97D55D842716}.Release|Any CPU.ActiveCfg = Release|Any CPU
		{0D05CA59-91F0-402E-9D13-97D55D842716}.Release|Any CPU.Build.0 = Release|Any CPU
		{7BC3B588-2840-4B11-831A-5F3B7C53E79D}.Debug|Any CPU.ActiveCfg = Debug|Any CPU
		{7BC3B588-2840-4B11-831A-5F3B7C53E79D}.Debug|Any CPU.Build.0 = Debug|Any CPU
		{7BC3B588-2840-4B11-831A-5F3B7C53E79D}.Release|Any CPU.ActiveCfg = Release|Any CPU
		{7BC3B588-2840-4B11-831A-5F3B7C53E79D}.Release|Any CPU.Build.0 = Release|Any CPU
		{BB9554B2-C9DA-4564-A471-E28E0E155C87}.Debug|Any CPU.ActiveCfg = Debug|Any CPU
		{BB9554B2-C9DA-4564-A471-E28E0E155C87}.Debug|Any CPU.Build.0 = Debug|Any CPU
		{BB9554B2-C9DA-4564-A471-E28E0E155C87}.Release|Any CPU.ActiveCfg = Release|Any CPU
		{BB9554B2-C9DA-4564-A471-E28E0E155C87}.Release|Any CPU.Build.0 = Release|Any CPU
		{A5370860-C5F5-417A-A228-F04A8A314C1B}.Debug|Any CPU.ActiveCfg = Debug|Any CPU
		{A5370860-C5F5-417A-A228-F04A8A314C1B}.Debug|Any CPU.Build.0 = Debug|Any CPU
		{A5370860-C5F5-417A-A228-F04A8A314C1B}.Release|Any CPU.ActiveCfg = Release|Any CPU
		{A5370860-C5F5-417A-A228-F04A8A314C1B}.Release|Any CPU.Build.0 = Release|Any CPU
		{7336F868-6D52-47F5-A53D-3DBC4002C712}.Debug|Any CPU.ActiveCfg = Debug|Any CPU
		{7336F868-6D52-47F5-A53D-3DBC4002C712}.Debug|Any CPU.Build.0 = Debug|Any CPU
		{7336F868-6D52-47F5-A53D-3DBC4002C712}.Release|Any CPU.ActiveCfg = Release|Any CPU
		{7336F868-6D52-47F5-A53D-3DBC4002C712}.Release|Any CPU.Build.0 = Release|Any CPU
		{FC990B3A-D32A-445B-9563-8BBF35F075B8}.Debug|Any CPU.ActiveCfg = Debug|Any CPU
		{FC990B3A-D32A-445B-9563-8BBF35F075B8}.Debug|Any CPU.Build.0 = Debug|Any CPU
		{FC990B3A-D32A-445B-9563-8BBF35F075B8}.Release|Any CPU.ActiveCfg = Release|Any CPU
		{FC990B3A-D32A-445B-9563-8BBF35F075B8}.Release|Any CPU.Build.0 = Release|Any CPU
		{B712796A-8715-4D33-975F-CB409A636076}.Debug|Any CPU.ActiveCfg = Debug|Any CPU
		{B712796A-8715-4D33-975F-CB409A636076}.Debug|Any CPU.Build.0 = Debug|Any CPU
		{B712796A-8715-4D33-975F-CB409A636076}.Release|Any CPU.ActiveCfg = Release|Any CPU
		{B712796A-8715-4D33-975F-CB409A636076}.Release|Any CPU.Build.0 = Release|Any CPU
		{1F531133-F030-4277-B5FB-EFCA04800FD5}.Debug|Any CPU.ActiveCfg = Debug|Any CPU
		{1F531133-F030-4277-B5FB-EFCA04800FD5}.Debug|Any CPU.Build.0 = Debug|Any CPU
		{1F531133-F030-4277-B5FB-EFCA04800FD5}.Release|Any CPU.ActiveCfg = Release|Any CPU
		{1F531133-F030-4277-B5FB-EFCA04800FD5}.Release|Any CPU.Build.0 = Release|Any CPU
		{1547A29F-9089-4024-9B8A-525847CEBBF6}.Debug|Any CPU.ActiveCfg = Debug|Any CPU
		{1547A29F-9089-4024-9B8A-525847CEBBF6}.Debug|Any CPU.Build.0 = Debug|Any CPU
		{1547A29F-9089-4024-9B8A-525847CEBBF6}.Release|Any CPU.ActiveCfg = Release|Any CPU
		{1547A29F-9089-4024-9B8A-525847CEBBF6}.Release|Any CPU.Build.0 = Release|Any CPU
		{CEFDBDED-4E32-4325-BACB-5FC78F819223}.Debug|Any CPU.ActiveCfg = Debug|Any CPU
		{CEFDBDED-4E32-4325-BACB-5FC78F819223}.Debug|Any CPU.Build.0 = Debug|Any CPU
		{CEFDBDED-4E32-4325-BACB-5FC78F819223}.Release|Any CPU.ActiveCfg = Release|Any CPU
		{CEFDBDED-4E32-4325-BACB-5FC78F819223}.Release|Any CPU.Build.0 = Release|Any CPU
		{CCE69EAA-FA7C-4CB8-B817-EA7D524A4A81}.Debug|Any CPU.ActiveCfg = Debug|Any CPU
		{CCE69EAA-FA7C-4CB8-B817-EA7D524A4A81}.Debug|Any CPU.Build.0 = Debug|Any CPU
		{CCE69EAA-FA7C-4CB8-B817-EA7D524A4A81}.Release|Any CPU.ActiveCfg = Release|Any CPU
		{CCE69EAA-FA7C-4CB8-B817-EA7D524A4A81}.Release|Any CPU.Build.0 = Release|Any CPU
		{AEEEB5EA-3FB7-4624-B00F-7EFC918A7132}.Debug|Any CPU.ActiveCfg = Debug|Any CPU
		{AEEEB5EA-3FB7-4624-B00F-7EFC918A7132}.Debug|Any CPU.Build.0 = Debug|Any CPU
		{AEEEB5EA-3FB7-4624-B00F-7EFC918A7132}.Release|Any CPU.ActiveCfg = Release|Any CPU
		{AEEEB5EA-3FB7-4624-B00F-7EFC918A7132}.Release|Any CPU.Build.0 = Release|Any CPU
		{AFDBEACF-332C-400E-ABCC-ECD766FDF6C0}.Debug|Any CPU.ActiveCfg = Debug|Any CPU
		{AFDBEACF-332C-400E-ABCC-ECD766FDF6C0}.Debug|Any CPU.Build.0 = Debug|Any CPU
		{AFDBEACF-332C-400E-ABCC-ECD766FDF6C0}.Release|Any CPU.ActiveCfg = Release|Any CPU
		{AFDBEACF-332C-400E-ABCC-ECD766FDF6C0}.Release|Any CPU.Build.0 = Release|Any CPU
		{CB7DA528-5D96-4FB9-BBB4-33E680CE2860}.Debug|Any CPU.ActiveCfg = Debug|Any CPU
		{CB7DA528-5D96-4FB9-BBB4-33E680CE2860}.Debug|Any CPU.Build.0 = Debug|Any CPU
		{CB7DA528-5D96-4FB9-BBB4-33E680CE2860}.Release|Any CPU.ActiveCfg = Release|Any CPU
		{CB7DA528-5D96-4FB9-BBB4-33E680CE2860}.Release|Any CPU.Build.0 = Release|Any CPU
		{3A45A4E0-669F-4164-B623-F39C81409DE5}.Debug|Any CPU.ActiveCfg = Debug|Any CPU
		{3A45A4E0-669F-4164-B623-F39C81409DE5}.Debug|Any CPU.Build.0 = Debug|Any CPU
		{3A45A4E0-669F-4164-B623-F39C81409DE5}.Release|Any CPU.ActiveCfg = Release|Any CPU
		{3A45A4E0-669F-4164-B623-F39C81409DE5}.Release|Any CPU.Build.0 = Release|Any CPU
		{6BA5764B-A805-4396-BDA0-6436205E0467}.Debug|Any CPU.ActiveCfg = Debug|Any CPU
		{6BA5764B-A805-4396-BDA0-6436205E0467}.Debug|Any CPU.Build.0 = Debug|Any CPU
		{6BA5764B-A805-4396-BDA0-6436205E0467}.Release|Any CPU.ActiveCfg = Release|Any CPU
		{6BA5764B-A805-4396-BDA0-6436205E0467}.Release|Any CPU.Build.0 = Release|Any CPU
		{899160B6-E069-45CF-AB3A-1344B499F257}.Debug|Any CPU.ActiveCfg = Debug|Any CPU
		{899160B6-E069-45CF-AB3A-1344B499F257}.Debug|Any CPU.Build.0 = Debug|Any CPU
		{899160B6-E069-45CF-AB3A-1344B499F257}.Release|Any CPU.ActiveCfg = Release|Any CPU
		{899160B6-E069-45CF-AB3A-1344B499F257}.Release|Any CPU.Build.0 = Release|Any CPU
		{A23EC69E-2E35-4812-9035-23FE7728ECC2}.Debug|Any CPU.ActiveCfg = Debug|Any CPU
		{A23EC69E-2E35-4812-9035-23FE7728ECC2}.Debug|Any CPU.Build.0 = Debug|Any CPU
		{A23EC69E-2E35-4812-9035-23FE7728ECC2}.Release|Any CPU.ActiveCfg = Release|Any CPU
		{A23EC69E-2E35-4812-9035-23FE7728ECC2}.Release|Any CPU.Build.0 = Release|Any CPU
		{751A9FC4-EA3B-41E9-ACCA-249B17F9FDFF}.Debug|Any CPU.ActiveCfg = Debug|Any CPU
		{751A9FC4-EA3B-41E9-ACCA-249B17F9FDFF}.Debug|Any CPU.Build.0 = Debug|Any CPU
		{751A9FC4-EA3B-41E9-ACCA-249B17F9FDFF}.Release|Any CPU.ActiveCfg = Release|Any CPU
		{751A9FC4-EA3B-41E9-ACCA-249B17F9FDFF}.Release|Any CPU.Build.0 = Release|Any CPU
		{DF725872-22F2-4E60-A118-1EA1575058C9}.Debug|Any CPU.ActiveCfg = Debug|Any CPU
		{DF725872-22F2-4E60-A118-1EA1575058C9}.Debug|Any CPU.Build.0 = Debug|Any CPU
		{DF725872-22F2-4E60-A118-1EA1575058C9}.Release|Any CPU.ActiveCfg = Release|Any CPU
		{DF725872-22F2-4E60-A118-1EA1575058C9}.Release|Any CPU.Build.0 = Release|Any CPU
		{F78B89ED-8FDD-45AE-821F-E1B9B38C40D1}.Debug|Any CPU.ActiveCfg = Debug|Any CPU
		{F78B89ED-8FDD-45AE-821F-E1B9B38C40D1}.Debug|Any CPU.Build.0 = Debug|Any CPU
		{F78B89ED-8FDD-45AE-821F-E1B9B38C40D1}.Release|Any CPU.ActiveCfg = Release|Any CPU
		{F78B89ED-8FDD-45AE-821F-E1B9B38C40D1}.Release|Any CPU.Build.0 = Release|Any CPU
		{8C8B94AE-194D-4E5D-86EF-431ADFC49EE3}.Debug|Any CPU.ActiveCfg = Debug|Any CPU
		{8C8B94AE-194D-4E5D-86EF-431ADFC49EE3}.Debug|Any CPU.Build.0 = Debug|Any CPU
		{8C8B94AE-194D-4E5D-86EF-431ADFC49EE3}.Release|Any CPU.ActiveCfg = Release|Any CPU
		{8C8B94AE-194D-4E5D-86EF-431ADFC49EE3}.Release|Any CPU.Build.0 = Release|Any CPU
		{E63086A9-F00A-4D1D-8F8F-228A40F100F6}.Debug|Any CPU.ActiveCfg = Debug|Any CPU
		{E63086A9-F00A-4D1D-8F8F-228A40F100F6}.Debug|Any CPU.Build.0 = Debug|Any CPU
		{E63086A9-F00A-4D1D-8F8F-228A40F100F6}.Release|Any CPU.ActiveCfg = Release|Any CPU
		{E63086A9-F00A-4D1D-8F8F-228A40F100F6}.Release|Any CPU.Build.0 = Release|Any CPU
		{69D7CAA9-3F20-4DAC-B276-B2369863DC4F}.Debug|Any CPU.ActiveCfg = Debug|Any CPU
		{69D7CAA9-3F20-4DAC-B276-B2369863DC4F}.Debug|Any CPU.Build.0 = Debug|Any CPU
		{69D7CAA9-3F20-4DAC-B276-B2369863DC4F}.Release|Any CPU.ActiveCfg = Release|Any CPU
		{69D7CAA9-3F20-4DAC-B276-B2369863DC4F}.Release|Any CPU.Build.0 = Release|Any CPU
		{9AEAFFC4-57DB-444F-B2BC-2E6945D3E9EE}.Debug|Any CPU.ActiveCfg = Debug|Any CPU
		{9AEAFFC4-57DB-444F-B2BC-2E6945D3E9EE}.Debug|Any CPU.Build.0 = Debug|Any CPU
		{9AEAFFC4-57DB-444F-B2BC-2E6945D3E9EE}.Release|Any CPU.ActiveCfg = Release|Any CPU
		{9AEAFFC4-57DB-444F-B2BC-2E6945D3E9EE}.Release|Any CPU.Build.0 = Release|Any CPU
		{CD8D3F00-97C7-4355-835E-E2095FDC0033}.Debug|Any CPU.ActiveCfg = Debug|Any CPU
		{CD8D3F00-97C7-4355-835E-E2095FDC0033}.Debug|Any CPU.Build.0 = Debug|Any CPU
		{CD8D3F00-97C7-4355-835E-E2095FDC0033}.Release|Any CPU.ActiveCfg = Release|Any CPU
		{CD8D3F00-97C7-4355-835E-E2095FDC0033}.Release|Any CPU.Build.0 = Release|Any CPU
		{43E78E25-C80A-4D08-A532-1CB4D6E8685A}.Debug|Any CPU.ActiveCfg = Debug|Any CPU
		{43E78E25-C80A-4D08-A532-1CB4D6E8685A}.Debug|Any CPU.Build.0 = Debug|Any CPU
		{43E78E25-C80A-4D08-A532-1CB4D6E8685A}.Release|Any CPU.ActiveCfg = Release|Any CPU
		{43E78E25-C80A-4D08-A532-1CB4D6E8685A}.Release|Any CPU.Build.0 = Release|Any CPU
		{CD443E70-FAB2-49F2-A776-35D9B2F56BD9}.Debug|Any CPU.ActiveCfg = Debug|Any CPU
		{CD443E70-FAB2-49F2-A776-35D9B2F56BD9}.Debug|Any CPU.Build.0 = Debug|Any CPU
		{CD443E70-FAB2-49F2-A776-35D9B2F56BD9}.Release|Any CPU.ActiveCfg = Release|Any CPU
		{CD443E70-FAB2-49F2-A776-35D9B2F56BD9}.Release|Any CPU.Build.0 = Release|Any CPU
		{05C59FBE-88F0-4FB8-81EA-8A872C8E71F6}.Debug|Any CPU.ActiveCfg = Debug|Any CPU
		{05C59FBE-88F0-4FB8-81EA-8A872C8E71F6}.Debug|Any CPU.Build.0 = Debug|Any CPU
		{05C59FBE-88F0-4FB8-81EA-8A872C8E71F6}.Release|Any CPU.ActiveCfg = Release|Any CPU
		{05C59FBE-88F0-4FB8-81EA-8A872C8E71F6}.Release|Any CPU.Build.0 = Release|Any CPU
		{AEB3DF5D-F304-4109-BFA0-5AE58B2B7C02}.Debug|Any CPU.ActiveCfg = Debug|Any CPU
		{AEB3DF5D-F304-4109-BFA0-5AE58B2B7C02}.Debug|Any CPU.Build.0 = Debug|Any CPU
		{AEB3DF5D-F304-4109-BFA0-5AE58B2B7C02}.Release|Any CPU.ActiveCfg = Release|Any CPU
		{AEB3DF5D-F304-4109-BFA0-5AE58B2B7C02}.Release|Any CPU.Build.0 = Release|Any CPU
		{72B3679A-A723-4DEA-BD43-047AC2F66A38}.Debug|Any CPU.ActiveCfg = Debug|Any CPU
		{72B3679A-A723-4DEA-BD43-047AC2F66A38}.Debug|Any CPU.Build.0 = Debug|Any CPU
		{72B3679A-A723-4DEA-BD43-047AC2F66A38}.Release|Any CPU.ActiveCfg = Release|Any CPU
		{72B3679A-A723-4DEA-BD43-047AC2F66A38}.Release|Any CPU.Build.0 = Release|Any CPU
		{84C2CA19-20FD-4A79-961A-343918486A2C}.Debug|Any CPU.ActiveCfg = Debug|Any CPU
		{84C2CA19-20FD-4A79-961A-343918486A2C}.Debug|Any CPU.Build.0 = Debug|Any CPU
		{84C2CA19-20FD-4A79-961A-343918486A2C}.Release|Any CPU.ActiveCfg = Release|Any CPU
		{84C2CA19-20FD-4A79-961A-343918486A2C}.Release|Any CPU.Build.0 = Release|Any CPU
		{0A37CBB8-887B-4FFE-B6C2-35AF0CCA2378}.Debug|Any CPU.ActiveCfg = Debug|Any CPU
		{0A37CBB8-887B-4FFE-B6C2-35AF0CCA2378}.Debug|Any CPU.Build.0 = Debug|Any CPU
		{0A37CBB8-887B-4FFE-B6C2-35AF0CCA2378}.Release|Any CPU.ActiveCfg = Release|Any CPU
		{0A37CBB8-887B-4FFE-B6C2-35AF0CCA2378}.Release|Any CPU.Build.0 = Release|Any CPU
		{837EE728-C16C-4E4C-B327-EEFF105AA4FE}.Debug|Any CPU.ActiveCfg = Debug|Any CPU
		{837EE728-C16C-4E4C-B327-EEFF105AA4FE}.Debug|Any CPU.Build.0 = Debug|Any CPU
		{837EE728-C16C-4E4C-B327-EEFF105AA4FE}.Release|Any CPU.ActiveCfg = Release|Any CPU
		{837EE728-C16C-4E4C-B327-EEFF105AA4FE}.Release|Any CPU.Build.0 = Release|Any CPU
		{158ABDEF-62D6-433D-A868-53EFD792FB30}.Debug|Any CPU.ActiveCfg = Debug|Any CPU
		{158ABDEF-62D6-433D-A868-53EFD792FB30}.Debug|Any CPU.Build.0 = Debug|Any CPU
		{158ABDEF-62D6-433D-A868-53EFD792FB30}.Release|Any CPU.ActiveCfg = Release|Any CPU
		{158ABDEF-62D6-433D-A868-53EFD792FB30}.Release|Any CPU.Build.0 = Release|Any CPU
		{E494A11F-0A4E-45E2-A6C5-CF6C6D21EE97}.Debug|Any CPU.ActiveCfg = Debug|Any CPU
		{E494A11F-0A4E-45E2-A6C5-CF6C6D21EE97}.Debug|Any CPU.Build.0 = Debug|Any CPU
		{E494A11F-0A4E-45E2-A6C5-CF6C6D21EE97}.Release|Any CPU.ActiveCfg = Release|Any CPU
		{E494A11F-0A4E-45E2-A6C5-CF6C6D21EE97}.Release|Any CPU.Build.0 = Release|Any CPU
		{1E477CD6-6713-4C73-9EFE-C8594D737317}.Debug|Any CPU.ActiveCfg = Debug|Any CPU
		{1E477CD6-6713-4C73-9EFE-C8594D737317}.Debug|Any CPU.Build.0 = Debug|Any CPU
		{1E477CD6-6713-4C73-9EFE-C8594D737317}.Release|Any CPU.ActiveCfg = Release|Any CPU
		{1E477CD6-6713-4C73-9EFE-C8594D737317}.Release|Any CPU.Build.0 = Release|Any CPU
		{346F113B-88C7-414A-9144-AFC2F6282FC0}.Debug|Any CPU.ActiveCfg = Debug|Any CPU
		{346F113B-88C7-414A-9144-AFC2F6282FC0}.Debug|Any CPU.Build.0 = Debug|Any CPU
		{346F113B-88C7-414A-9144-AFC2F6282FC0}.Release|Any CPU.ActiveCfg = Release|Any CPU
		{346F113B-88C7-414A-9144-AFC2F6282FC0}.Release|Any CPU.Build.0 = Release|Any CPU
		{B183F433-1E39-4C09-B17F-E9AE0C6F48E0}.Debug|Any CPU.ActiveCfg = Debug|Any CPU
		{B183F433-1E39-4C09-B17F-E9AE0C6F48E0}.Debug|Any CPU.Build.0 = Debug|Any CPU
		{B183F433-1E39-4C09-B17F-E9AE0C6F48E0}.Release|Any CPU.ActiveCfg = Release|Any CPU
		{B183F433-1E39-4C09-B17F-E9AE0C6F48E0}.Release|Any CPU.Build.0 = Release|Any CPU
	EndGlobalSection
EndGlobal
